
Microsoft Visual Studio Solution File, Format Version 12.00
# Visual Studio Version 16
VisualStudioVersion = 16.0.29326.143
MinimumVisualStudioVersion = 10.0.40219.1
Project("{8BC9CEB8-8B4A-11D0-8D11-00A0C91BC942}") = "WeeklyContest", "WeeklyContest.vcxproj", "{7B33B430-1E15-4A38-9D5D-1985B5289B43}"
EndProject
Project("{8BC9CEB8-8B4A-11D0-8D11-00A0C91BC942}") = "WC162_03_Number_of_Closed_Islands", "..\WC162_03_Number_of_Closed_Islands\WC162_03_Number_of_Closed_Islands.vcxproj", "{89835527-869F-4B3B-BD6F-30A6C9F37D53}"
EndProject
Project("{8BC9CEB8-8B4A-11D0-8D11-00A0C91BC942}") = "WC_163_01_Shift_2D_Grid", "..\WC_163_01_Shift_2D_Grid\WC_163_01_Shift_2D_Grid.vcxproj", "{E69C74E6-857C-49C5-BD33-A222E7FED872}"
EndProject
Project("{8BC9CEB8-8B4A-11D0-8D11-00A0C91BC942}") = "WC_163_03_Greatest_Sum_Divisible_by_Three", "..\WC_163_03_Greatest_Sum_Divisible_by_Three\WC_163_03_Greatest_Sum_Divisible_by_Three.vcxproj", "{0529A129-9612-427B-96D8-6611F961A5F4}"
EndProject
Project("{8BC9CEB8-8B4A-11D0-8D11-00A0C91BC942}") = "WC164_02_Count_Servers_That_Communicate", "..\WC164_02_Count_Servers_That_Communicate\WC164_02_Count_Servers_That_Communicate.vcxproj", "{93351A0B-F62F-438E-AD7E-7445425E5EE6}"
EndProject
Project("{8BC9CEB8-8B4A-11D0-8D11-00A0C91BC942}") = "WC164_04_Number_Of_Ways_To_Stay_In_The_Same_Place_After_Some_Steps", "..\WC164_04_Number_Of_Ways_To_Stay_In_The_Same_Place_After_Some_Steps\WC164_04_Number_Of_Ways_To_Stay_In_The_Same_Place_After_Some_Steps.vcxproj", "{4AD61CEF-41CD-4752-A1D4-F28701D6F291}"
EndProject
Project("{8BC9CEB8-8B4A-11D0-8D11-00A0C91BC942}") = "WC165_03_Count_Square_Submatrices_With_All_Ones", "..\WC165_03_Count_Square_Submatrices_With_All_Ones\WC165_03_Count_Square_Submatrices_With_All_Ones.vcxproj", "{59B433F2-64D2-4CA1-8040-7F81A6E61B97}"
EndProject
Project("{8BC9CEB8-8B4A-11D0-8D11-00A0C91BC942}") = "WC167_04_Shortest_Path_In_A_Grid_With_Obstacles_Elimination", "..\WC167_04_Shortest_Path_In_A_Grid_With_Obstacles_Elimination\WC167_04_Shortest_Path_In_A_Grid_With_Obstacles_Elimination.vcxproj", "{CF5197DB-4EFE-4AB7-B676-28D78A8E696F}"
EndProject
Project("{8BC9CEB8-8B4A-11D0-8D11-00A0C91BC942}") = "WC168_04_Maximum_Candies_You_Can_Get_From_Boxes", "..\WC168_04_Maximum_Candies_You_Can_Get_From_Boxes\WC168_04_Maximum_Candies_You_Can_Get_From_Boxes.vcxproj", "{4D8A2BAB-3BF7-49FB-8003-FAC8D09C9760}"
EndProject
Project("{8BC9CEB8-8B4A-11D0-8D11-00A0C91BC942}") = "WC165_04_Palindrome_Partitioning_III", "..\WC165_04_Palindrome_Partitioning_III\WC165_04_Palindrome_Partitioning_III.vcxproj", "{F5542F4B-E6D2-47CE-8BA8-FDD59BCD9A4C}"
EndProject
Project("{8BC9CEB8-8B4A-11D0-8D11-00A0C91BC942}") = "WC178_01_How_Many_Numbers_Are_Smaller_Than_The_Current_Number", "..\WC178_01_How_Many_Numbers_Are_Smaller_Than_The_Current_Number\WC178_01_How_Many_Numbers_Are_Smaller_Than_The_Current_Number.vcxproj", "{42085171-5546-41A8-A449-D63E69F81191}"
EndProject
Project("{8BC9CEB8-8B4A-11D0-8D11-00A0C91BC942}") = "WC178_02_Rank_Teams_By_Votes", "..\WC178_02_Rank_Teams_By_Votes\WC178_02_Rank_Teams_By_Votes.vcxproj", "{9847F3BB-7522-4EBD-89FB-413FC24AF725}"
EndProject
Project("{8BC9CEB8-8B4A-11D0-8D11-00A0C91BC942}") = "WC178_03_Linked_List_In_Binary_Tree", "..\WC178_03_Linked_List_In_Binary_Tree\WC178_03_Linked_List_In_Binary_Tree.vcxproj", "{180C276D-AC73-4981-9314-DAB9823C557B}"
EndProject
Project("{8BC9CEB8-8B4A-11D0-8D11-00A0C91BC942}") = "WC181_03_Check_If_There_Is_A_Valid_Path_In_A_Grid", "..\WC181_03_Check_If_There_Is_A_Valid_Path_In_A_Grid\WC181_03_Check_If_There_Is_A_Valid_Path_In_A_Grid.vcxproj", "{DD494A68-54C7-4A6B-B06F-30A07DC337C1}"
EndProject
Global
	GlobalSection(SolutionConfigurationPlatforms) = preSolution
		Debug|x64 = Debug|x64
		Debug|x86 = Debug|x86
		Release|x64 = Release|x64
		Release|x86 = Release|x86
	EndGlobalSection
	GlobalSection(ProjectConfigurationPlatforms) = postSolution
		{7B33B430-1E15-4A38-9D5D-1985B5289B43}.Debug|x64.ActiveCfg = Debug|x64
		{7B33B430-1E15-4A38-9D5D-1985B5289B43}.Debug|x64.Build.0 = Debug|x64
		{7B33B430-1E15-4A38-9D5D-1985B5289B43}.Debug|x86.ActiveCfg = Debug|Win32
		{7B33B430-1E15-4A38-9D5D-1985B5289B43}.Debug|x86.Build.0 = Debug|Win32
		{7B33B430-1E15-4A38-9D5D-1985B5289B43}.Release|x64.ActiveCfg = Release|x64
		{7B33B430-1E15-4A38-9D5D-1985B5289B43}.Release|x64.Build.0 = Release|x64
		{7B33B430-1E15-4A38-9D5D-1985B5289B43}.Release|x86.ActiveCfg = Release|Win32
		{7B33B430-1E15-4A38-9D5D-1985B5289B43}.Release|x86.Build.0 = Release|Win32
		{89835527-869F-4B3B-BD6F-30A6C9F37D53}.Debug|x64.ActiveCfg = Debug|x64
		{89835527-869F-4B3B-BD6F-30A6C9F37D53}.Debug|x64.Build.0 = Debug|x64
		{89835527-869F-4B3B-BD6F-30A6C9F37D53}.Debug|x86.ActiveCfg = Debug|Win32
		{89835527-869F-4B3B-BD6F-30A6C9F37D53}.Debug|x86.Build.0 = Debug|Win32
		{89835527-869F-4B3B-BD6F-30A6C9F37D53}.Release|x64.ActiveCfg = Release|x64
		{89835527-869F-4B3B-BD6F-30A6C9F37D53}.Release|x64.Build.0 = Release|x64
		{89835527-869F-4B3B-BD6F-30A6C9F37D53}.Release|x86.ActiveCfg = Release|Win32
		{89835527-869F-4B3B-BD6F-30A6C9F37D53}.Release|x86.Build.0 = Release|Win32
		{E69C74E6-857C-49C5-BD33-A222E7FED872}.Debug|x64.ActiveCfg = Debug|x64
		{E69C74E6-857C-49C5-BD33-A222E7FED872}.Debug|x64.Build.0 = Debug|x64
		{E69C74E6-857C-49C5-BD33-A222E7FED872}.Debug|x86.ActiveCfg = Debug|Win32
		{E69C74E6-857C-49C5-BD33-A222E7FED872}.Debug|x86.Build.0 = Debug|Win32
		{E69C74E6-857C-49C5-BD33-A222E7FED872}.Release|x64.ActiveCfg = Release|x64
		{E69C74E6-857C-49C5-BD33-A222E7FED872}.Release|x64.Build.0 = Release|x64
		{E69C74E6-857C-49C5-BD33-A222E7FED872}.Release|x86.ActiveCfg = Release|Win32
		{E69C74E6-857C-49C5-BD33-A222E7FED872}.Release|x86.Build.0 = Release|Win32
		{0529A129-9612-427B-96D8-6611F961A5F4}.Debug|x64.ActiveCfg = Debug|x64
		{0529A129-9612-427B-96D8-6611F961A5F4}.Debug|x64.Build.0 = Debug|x64
		{0529A129-9612-427B-96D8-6611F961A5F4}.Debug|x86.ActiveCfg = Debug|Win32
		{0529A129-9612-427B-96D8-6611F961A5F4}.Debug|x86.Build.0 = Debug|Win32
		{0529A129-9612-427B-96D8-6611F961A5F4}.Release|x64.ActiveCfg = Release|x64
		{0529A129-9612-427B-96D8-6611F961A5F4}.Release|x64.Build.0 = Release|x64
		{0529A129-9612-427B-96D8-6611F961A5F4}.Release|x86.ActiveCfg = Release|Win32
		{0529A129-9612-427B-96D8-6611F961A5F4}.Release|x86.Build.0 = Release|Win32
		{93351A0B-F62F-438E-AD7E-7445425E5EE6}.Debug|x64.ActiveCfg = Debug|x64
		{93351A0B-F62F-438E-AD7E-7445425E5EE6}.Debug|x64.Build.0 = Debug|x64
		{93351A0B-F62F-438E-AD7E-7445425E5EE6}.Debug|x86.ActiveCfg = Debug|Win32
		{93351A0B-F62F-438E-AD7E-7445425E5EE6}.Debug|x86.Build.0 = Debug|Win32
		{93351A0B-F62F-438E-AD7E-7445425E5EE6}.Release|x64.ActiveCfg = Release|x64
		{93351A0B-F62F-438E-AD7E-7445425E5EE6}.Release|x64.Build.0 = Release|x64
		{93351A0B-F62F-438E-AD7E-7445425E5EE6}.Release|x86.ActiveCfg = Release|Win32
		{93351A0B-F62F-438E-AD7E-7445425E5EE6}.Release|x86.Build.0 = Release|Win32
		{4AD61CEF-41CD-4752-A1D4-F28701D6F291}.Debug|x64.ActiveCfg = Debug|x64
		{4AD61CEF-41CD-4752-A1D4-F28701D6F291}.Debug|x64.Build.0 = Debug|x64
		{4AD61CEF-41CD-4752-A1D4-F28701D6F291}.Debug|x86.ActiveCfg = Debug|Win32
		{4AD61CEF-41CD-4752-A1D4-F28701D6F291}.Debug|x86.Build.0 = Debug|Win32
		{4AD61CEF-41CD-4752-A1D4-F28701D6F291}.Release|x64.ActiveCfg = Release|x64
		{4AD61CEF-41CD-4752-A1D4-F28701D6F291}.Release|x64.Build.0 = Release|x64
		{4AD61CEF-41CD-4752-A1D4-F28701D6F291}.Release|x86.ActiveCfg = Release|Win32
		{4AD61CEF-41CD-4752-A1D4-F28701D6F291}.Release|x86.Build.0 = Release|Win32
		{59B433F2-64D2-4CA1-8040-7F81A6E61B97}.Debug|x64.ActiveCfg = Debug|x64
		{59B433F2-64D2-4CA1-8040-7F81A6E61B97}.Debug|x64.Build.0 = Debug|x64
		{59B433F2-64D2-4CA1-8040-7F81A6E61B97}.Debug|x86.ActiveCfg = Debug|Win32
		{59B433F2-64D2-4CA1-8040-7F81A6E61B97}.Debug|x86.Build.0 = Debug|Win32
		{59B433F2-64D2-4CA1-8040-7F81A6E61B97}.Release|x64.ActiveCfg = Release|x64
		{59B433F2-64D2-4CA1-8040-7F81A6E61B97}.Release|x64.Build.0 = Release|x64
		{59B433F2-64D2-4CA1-8040-7F81A6E61B97}.Release|x86.ActiveCfg = Release|Win32
		{59B433F2-64D2-4CA1-8040-7F81A6E61B97}.Release|x86.Build.0 = Release|Win32
		{CF5197DB-4EFE-4AB7-B676-28D78A8E696F}.Debug|x64.ActiveCfg = Debug|x64
		{CF5197DB-4EFE-4AB7-B676-28D78A8E696F}.Debug|x64.Build.0 = Debug|x64
		{CF5197DB-4EFE-4AB7-B676-28D78A8E696F}.Debug|x86.ActiveCfg = Debug|Win32
		{CF5197DB-4EFE-4AB7-B676-28D78A8E696F}.Debug|x86.Build.0 = Debug|Win32
		{CF5197DB-4EFE-4AB7-B676-28D78A8E696F}.Release|x64.ActiveCfg = Release|x64
		{CF5197DB-4EFE-4AB7-B676-28D78A8E696F}.Release|x64.Build.0 = Release|x64
		{CF5197DB-4EFE-4AB7-B676-28D78A8E696F}.Release|x86.ActiveCfg = Release|Win32
		{CF5197DB-4EFE-4AB7-B676-28D78A8E696F}.Release|x86.Build.0 = Release|Win32
		{4D8A2BAB-3BF7-49FB-8003-FAC8D09C9760}.Debug|x64.ActiveCfg = Debug|x64
		{4D8A2BAB-3BF7-49FB-8003-FAC8D09C9760}.Debug|x64.Build.0 = Debug|x64
		{4D8A2BAB-3BF7-49FB-8003-FAC8D09C9760}.Debug|x86.ActiveCfg = Debug|Win32
		{4D8A2BAB-3BF7-49FB-8003-FAC8D09C9760}.Debug|x86.Build.0 = Debug|Win32
		{4D8A2BAB-3BF7-49FB-8003-FAC8D09C9760}.Release|x64.ActiveCfg = Release|x64
		{4D8A2BAB-3BF7-49FB-8003-FAC8D09C9760}.Release|x64.Build.0 = Release|x64
		{4D8A2BAB-3BF7-49FB-8003-FAC8D09C9760}.Release|x86.ActiveCfg = Release|Win32
		{4D8A2BAB-3BF7-49FB-8003-FAC8D09C9760}.Release|x86.Build.0 = Release|Win32
		{F5542F4B-E6D2-47CE-8BA8-FDD59BCD9A4C}.Debug|x64.ActiveCfg = Debug|x64
		{F5542F4B-E6D2-47CE-8BA8-FDD59BCD9A4C}.Debug|x64.Build.0 = Debug|x64
		{F5542F4B-E6D2-47CE-8BA8-FDD59BCD9A4C}.Debug|x86.ActiveCfg = Debug|Win32
		{F5542F4B-E6D2-47CE-8BA8-FDD59BCD9A4C}.Debug|x86.Build.0 = Debug|Win32
		{F5542F4B-E6D2-47CE-8BA8-FDD59BCD9A4C}.Release|x64.ActiveCfg = Release|x64
		{F5542F4B-E6D2-47CE-8BA8-FDD59BCD9A4C}.Release|x64.Build.0 = Release|x64
		{F5542F4B-E6D2-47CE-8BA8-FDD59BCD9A4C}.Release|x86.ActiveCfg = Release|Win32
		{F5542F4B-E6D2-47CE-8BA8-FDD59BCD9A4C}.Release|x86.Build.0 = Release|Win32
		{42085171-5546-41A8-A449-D63E69F81191}.Debug|x64.ActiveCfg = Debug|x64
		{42085171-5546-41A8-A449-D63E69F81191}.Debug|x64.Build.0 = Debug|x64
		{42085171-5546-41A8-A449-D63E69F81191}.Debug|x86.ActiveCfg = Debug|Win32
		{42085171-5546-41A8-A449-D63E69F81191}.Debug|x86.Build.0 = Debug|Win32
		{42085171-5546-41A8-A449-D63E69F81191}.Release|x64.ActiveCfg = Release|x64
		{42085171-5546-41A8-A449-D63E69F81191}.Release|x64.Build.0 = Release|x64
		{42085171-5546-41A8-A449-D63E69F81191}.Release|x86.ActiveCfg = Release|Win32
		{42085171-5546-41A8-A449-D63E69F81191}.Release|x86.Build.0 = Release|Win32
		{9847F3BB-7522-4EBD-89FB-413FC24AF725}.Debug|x64.ActiveCfg = Debug|x64
		{9847F3BB-7522-4EBD-89FB-413FC24AF725}.Debug|x64.Build.0 = Debug|x64
		{9847F3BB-7522-4EBD-89FB-413FC24AF725}.Debug|x86.ActiveCfg = Debug|Win32
		{9847F3BB-7522-4EBD-89FB-413FC24AF725}.Debug|x86.Build.0 = Debug|Win32
		{9847F3BB-7522-4EBD-89FB-413FC24AF725}.Release|x64.ActiveCfg = Release|x64
		{9847F3BB-7522-4EBD-89FB-413FC24AF725}.Release|x64.Build.0 = Release|x64
		{9847F3BB-7522-4EBD-89FB-413FC24AF725}.Release|x86.ActiveCfg = Release|Win32
		{9847F3BB-7522-4EBD-89FB-413FC24AF725}.Release|x86.Build.0 = Release|Win32
		{180C276D-AC73-4981-9314-DAB9823C557B}.Debug|x64.ActiveCfg = Debug|x64
		{180C276D-AC73-4981-9314-DAB9823C557B}.Debug|x64.Build.0 = Debug|x64
		{180C276D-AC73-4981-9314-DAB9823C557B}.Debug|x86.ActiveCfg = Debug|Win32
		{180C276D-AC73-4981-9314-DAB9823C557B}.Debug|x86.Build.0 = Debug|Win32
		{180C276D-AC73-4981-9314-DAB9823C557B}.Release|x64.ActiveCfg = Release|x64
		{180C276D-AC73-4981-9314-DAB9823C557B}.Release|x64.Build.0 = Release|x64
		{180C276D-AC73-4981-9314-DAB9823C557B}.Release|x86.ActiveCfg = Release|Win32
		{180C276D-AC73-4981-9314-DAB9823C557B}.Release|x86.Build.0 = Release|Win32
		{DD494A68-54C7-4A6B-B06F-30A07DC337C1}.Debug|x64.ActiveCfg = Debug|x64
		{DD494A68-54C7-4A6B-B06F-30A07DC337C1}.Debug|x64.Build.0 = Debug|x64
		{DD494A68-54C7-4A6B-B06F-30A07DC337C1}.Debug|x86.ActiveCfg = Debug|Win32
		{DD494A68-54C7-4A6B-B06F-30A07DC337C1}.Debug|x86.Build.0 = Debug|Win32
		{DD494A68-54C7-4A6B-B06F-30A07DC337C1}.Release|x64.ActiveCfg = Release|x64
		{DD494A68-54C7-4A6B-B06F-30A07DC337C1}.Release|x64.Build.0 = Release|x64
		{DD494A68-54C7-4A6B-B06F-30A07DC337C1}.Release|x86.ActiveCfg = Release|Win32
		{DD494A68-54C7-4A6B-B06F-30A07DC337C1}.Release|x86.Build.0 = Release|Win32
	EndGlobalSection
	GlobalSection(SolutionProperties) = preSolution
		HideSolutionNode = FALSE
	EndGlobalSection
	GlobalSection(ExtensibilityGlobals) = postSolution
		SolutionGuid = {C9ABCCF3-8FC8-49A1-8207-8242BAA9F980}
	EndGlobalSection
EndGlobal
