
Microsoft Visual Studio Solution File, Format Version 12.00
# Visual Studio Version 16
VisualStudioVersion = 16.0.29326.143
MinimumVisualStudioVersion = 10.0.40219.1
Project("{8BC9CEB8-8B4A-11D0-8D11-00A0C91BC942}") = "LeetCodeHub", "LeetCodeHub\LeetCodeHub.vcxproj", "{7E81BD87-6DB4-4787-A450-63639EDBA81D}"
EndProject
Project("{8BC9CEB8-8B4A-11D0-8D11-00A0C91BC942}") = "65_Valid_Number", "65_Valid_Number\65_Valid_Number.vcxproj", "{88BEA9D3-2E02-4B2A-89C8-BFD532250F50}"
EndProject
Project("{8BC9CEB8-8B4A-11D0-8D11-00A0C91BC942}") = "Utilities", "Utilities\Utilities.vcxproj", "{8271297F-D9B9-4338-BC34-ED40305C3520}"
EndProject
Project("{8BC9CEB8-8B4A-11D0-8D11-00A0C91BC942}") = "287_Find_the_Duplicate_Number", "287_Find_the_Duplicate_Number\287_Find_the_Duplicate_Number.vcxproj", "{0061F014-C1B9-4FD4-AB4D-AB690F09BEEF}"
EndProject
Project("{8BC9CEB8-8B4A-11D0-8D11-00A0C91BC942}") = "240_Search_a_2D_Matrix_II", "240_Search_a_2D_Matrix_II\240_Search_a_2D_Matrix_II.vcxproj", "{3354B960-F0CE-4BB4-BB88-FA17FAE58749}"
EndProject
Project("{8BC9CEB8-8B4A-11D0-8D11-00A0C91BC942}") = "206_Reverse_Linked_List", "206_Reverse_Linked_List\206_Reverse_Linked_List.vcxproj", "{7C678652-8CEC-4248-8DF3-C60088A6EF50}"
EndProject
Project("{8BC9CEB8-8B4A-11D0-8D11-00A0C91BC942}") = "105_Construct_Binary_Tree_from_Preorder_and_Inorder", "105_Construct_Binary_Tree_from_Preorder_and_Inorder\105_Construct_Binary_Tree_from_Preorder_and_Inorder.vcxproj", "{20F69A28-13AE-4A77-8340-06A7EB495EAF}"
EndProject
Project("{8BC9CEB8-8B4A-11D0-8D11-00A0C91BC942}") = "510_Inorder_Successor_in_BST_II", "510_Inorder_Successor_in_BST_II\510_Inorder_Successor_in_BST_II.vcxproj", "{D48B9EF3-98A5-4EF3-9FF0-D163A282C1BD}"
EndProject
Project("{8BC9CEB8-8B4A-11D0-8D11-00A0C91BC942}") = "50_Pow", "50_Pow\50_Pow.vcxproj", "{C45491DC-F5AE-4F11-969B-AA9EAAC8AA47}"
EndProject
Project("{8BC9CEB8-8B4A-11D0-8D11-00A0C91BC942}") = "237_Delete_Node_in_a_Linked_List", "237_Delete_Node_in_a_Linked_List\237_Delete_Node_in_a_Linked_List.vcxproj", "{D634A083-C204-495D-8EA2-DAF3738C9595}"
EndProject
Project("{8BC9CEB8-8B4A-11D0-8D11-00A0C91BC942}") = "203_Remove_Linked_List_Elements", "203_Remove_Linked_List_Elements\203_Remove_Linked_List_Elements.vcxproj", "{8C8A6DEE-42F4-44F5-97F3-48A5B5FF8EFF}"
EndProject
Project("{8BC9CEB8-8B4A-11D0-8D11-00A0C91BC942}") = "coding_interview_05_ReplaceSpace", "coding_interview_05_ReplaceSpace\coding_interview_05_ReplaceSpace.vcxproj", "{3BEFC82F-FB4E-45E9-8D53-42F89BF81272}"
EndProject
Project("{8BC9CEB8-8B4A-11D0-8D11-00A0C91BC942}") = "83_Remove_Duplicates_from_Sorted_List", "83_Remove_Duplicates_from_Sorted_List\83_Remove_Duplicates_from_Sorted_List.vcxproj", "{212107B3-7A53-41BF-B90E-7C6478CDD324}"
EndProject
Project("{8BC9CEB8-8B4A-11D0-8D11-00A0C91BC942}") = "10_Regular_Expression_Matching", "10_Regular_Expression_Matching\10_Regular_Expression_Matching.vcxproj", "{D89E5308-0649-49B3-8539-FF461C421D45}"
EndProject
Project("{8BC9CEB8-8B4A-11D0-8D11-00A0C91BC942}") = "232_Implement_Queue_using_Stacks", "232_Implement_Queue_using_Stacks\232_Implement_Queue_using_Stacks.vcxproj", "{F70BB7A9-C95C-462D-BD07-165F9C7D24BD}"
EndProject
Project("{8BC9CEB8-8B4A-11D0-8D11-00A0C91BC942}") = "225_Implement_Stack_using_Queue", "225_Implement_Stack_using_Queue\225_Implement_Stack_using_Queue.vcxproj", "{8D64C9ED-2785-4EA8-94B6-549192A9E769}"
EndProject
Project("{8BC9CEB8-8B4A-11D0-8D11-00A0C91BC942}") = "509_Fibonacci_Number", "509_Fibonacci_Number\509_Fibonacci_Number.vcxproj", "{91824CAC-4A05-4D96-909C-38DC67A90FDB}"
EndProject
Project("{8BC9CEB8-8B4A-11D0-8D11-00A0C91BC942}") = "153_Find_Minimum_in_Rotated_Sorted_Array", "153_Find_Minimum_in_Rotated_Sorted_Array\153_Find_Minimum_in_Rotated_Sorted_Array.vcxproj", "{46E3636E-207C-4195-AF7B-10ED4CB67A05}"
EndProject
Project("{8BC9CEB8-8B4A-11D0-8D11-00A0C91BC942}") = "79_Word_Search", "79_Word_Search\79_Word_Search.vcxproj", "{69F70DF6-5F12-414E-953F-C2DE969EAF30}"
EndProject
Project("{8BC9CEB8-8B4A-11D0-8D11-00A0C91BC942}") = "343_Interger_Break", "343_Interger_Break\343_Interger_Break.vcxproj", "{B6E91DFC-347D-47DF-A93E-7F0AFB1F20EB}"
EndProject
Project("{8BC9CEB8-8B4A-11D0-8D11-00A0C91BC942}") = "191_Number_of_1_Bits", "191_Number_of_1_Bits\191_Number_of_1_Bits.vcxproj", "{268269C1-501C-4D15-B474-5ED9FE905D23}"
EndProject
Project("{8BC9CEB8-8B4A-11D0-8D11-00A0C91BC942}") = "338_Counting_Bits", "338_Counting_Bits\338_Counting_Bits.vcxproj", "{988BC100-7480-417E-B6B9-AF76CFC060D7}"
EndProject
Project("{8BC9CEB8-8B4A-11D0-8D11-00A0C91BC942}") = "905_Sort_Array_by_Parity", "905_Sort_Array_by_Parity\905_Sort_Array_by_Parity.vcxproj", "{54815410-4E96-482C-9A8D-508B828A5F1D}"
EndProject
Project("{8BC9CEB8-8B4A-11D0-8D11-00A0C91BC942}") = "19_Remove_Nth_Node_from_End_of_List", "19_Remove_Nth_Node_from_End_of_List\19_Remove_Nth_Node_from_End_of_List.vcxproj", "{499AF3DA-D0C7-4CC7-BD04-A9FD382C3A64}"
EndProject
Project("{8BC9CEB8-8B4A-11D0-8D11-00A0C91BC942}") = "142_Linked_List_Cycle_II", "142_Linked_List_Cycle_II\142_Linked_List_Cycle_II.vcxproj", "{FD6BE960-90EC-4DE5-82CF-1D80EF36CCAF}"
EndProject
Project("{8BC9CEB8-8B4A-11D0-8D11-00A0C91BC942}") = "21_Merge_Two_Sorted_Lists", "21_Merge_Two_Sorted_Lists\21_Merge_Two_Sorted_Lists.vcxproj", "{A0AC89DC-1151-4BED-AA7B-848A2BA21CF0}"
EndProject
Project("{8BC9CEB8-8B4A-11D0-8D11-00A0C91BC942}") = "102_Binary_Tree_Level_Order_Traversal", "102_Binary_Tree_Level_Order_Traversal\102_Binary_Tree_Level_Order_Traversal.vcxproj", "{CFB995BB-4ED3-4903-89BA-E77C4E54E9B5}"
EndProject
Global
	GlobalSection(SolutionConfigurationPlatforms) = preSolution
		Debug|x64 = Debug|x64
		Debug|x86 = Debug|x86
		Release|x64 = Release|x64
		Release|x86 = Release|x86
	EndGlobalSection
	GlobalSection(ProjectConfigurationPlatforms) = postSolution
		{7E81BD87-6DB4-4787-A450-63639EDBA81D}.Debug|x64.ActiveCfg = Debug|x64
		{7E81BD87-6DB4-4787-A450-63639EDBA81D}.Debug|x64.Build.0 = Debug|x64
		{7E81BD87-6DB4-4787-A450-63639EDBA81D}.Debug|x86.ActiveCfg = Debug|Win32
		{7E81BD87-6DB4-4787-A450-63639EDBA81D}.Debug|x86.Build.0 = Debug|Win32
		{7E81BD87-6DB4-4787-A450-63639EDBA81D}.Release|x64.ActiveCfg = Release|x64
		{7E81BD87-6DB4-4787-A450-63639EDBA81D}.Release|x64.Build.0 = Release|x64
		{7E81BD87-6DB4-4787-A450-63639EDBA81D}.Release|x86.ActiveCfg = Release|Win32
		{7E81BD87-6DB4-4787-A450-63639EDBA81D}.Release|x86.Build.0 = Release|Win32
		{88BEA9D3-2E02-4B2A-89C8-BFD532250F50}.Debug|x64.ActiveCfg = Debug|x64
		{88BEA9D3-2E02-4B2A-89C8-BFD532250F50}.Debug|x64.Build.0 = Debug|x64
		{88BEA9D3-2E02-4B2A-89C8-BFD532250F50}.Debug|x86.ActiveCfg = Debug|Win32
		{88BEA9D3-2E02-4B2A-89C8-BFD532250F50}.Debug|x86.Build.0 = Debug|Win32
		{88BEA9D3-2E02-4B2A-89C8-BFD532250F50}.Release|x64.ActiveCfg = Release|x64
		{88BEA9D3-2E02-4B2A-89C8-BFD532250F50}.Release|x64.Build.0 = Release|x64
		{88BEA9D3-2E02-4B2A-89C8-BFD532250F50}.Release|x86.ActiveCfg = Release|Win32
		{88BEA9D3-2E02-4B2A-89C8-BFD532250F50}.Release|x86.Build.0 = Release|Win32
		{8271297F-D9B9-4338-BC34-ED40305C3520}.Debug|x64.ActiveCfg = Debug|x64
		{8271297F-D9B9-4338-BC34-ED40305C3520}.Debug|x64.Build.0 = Debug|x64
		{8271297F-D9B9-4338-BC34-ED40305C3520}.Debug|x86.ActiveCfg = Debug|Win32
		{8271297F-D9B9-4338-BC34-ED40305C3520}.Debug|x86.Build.0 = Debug|Win32
		{8271297F-D9B9-4338-BC34-ED40305C3520}.Release|x64.ActiveCfg = Release|x64
		{8271297F-D9B9-4338-BC34-ED40305C3520}.Release|x64.Build.0 = Release|x64
		{8271297F-D9B9-4338-BC34-ED40305C3520}.Release|x86.ActiveCfg = Release|Win32
		{8271297F-D9B9-4338-BC34-ED40305C3520}.Release|x86.Build.0 = Release|Win32
		{0061F014-C1B9-4FD4-AB4D-AB690F09BEEF}.Debug|x64.ActiveCfg = Debug|x64
		{0061F014-C1B9-4FD4-AB4D-AB690F09BEEF}.Debug|x64.Build.0 = Debug|x64
		{0061F014-C1B9-4FD4-AB4D-AB690F09BEEF}.Debug|x86.ActiveCfg = Debug|Win32
		{0061F014-C1B9-4FD4-AB4D-AB690F09BEEF}.Debug|x86.Build.0 = Debug|Win32
		{0061F014-C1B9-4FD4-AB4D-AB690F09BEEF}.Release|x64.ActiveCfg = Release|x64
		{0061F014-C1B9-4FD4-AB4D-AB690F09BEEF}.Release|x64.Build.0 = Release|x64
		{0061F014-C1B9-4FD4-AB4D-AB690F09BEEF}.Release|x86.ActiveCfg = Release|Win32
		{0061F014-C1B9-4FD4-AB4D-AB690F09BEEF}.Release|x86.Build.0 = Release|Win32
		{3354B960-F0CE-4BB4-BB88-FA17FAE58749}.Debug|x64.ActiveCfg = Debug|x64
		{3354B960-F0CE-4BB4-BB88-FA17FAE58749}.Debug|x64.Build.0 = Debug|x64
		{3354B960-F0CE-4BB4-BB88-FA17FAE58749}.Debug|x86.ActiveCfg = Debug|Win32
		{3354B960-F0CE-4BB4-BB88-FA17FAE58749}.Debug|x86.Build.0 = Debug|Win32
		{3354B960-F0CE-4BB4-BB88-FA17FAE58749}.Release|x64.ActiveCfg = Release|x64
		{3354B960-F0CE-4BB4-BB88-FA17FAE58749}.Release|x64.Build.0 = Release|x64
		{3354B960-F0CE-4BB4-BB88-FA17FAE58749}.Release|x86.ActiveCfg = Release|Win32
		{3354B960-F0CE-4BB4-BB88-FA17FAE58749}.Release|x86.Build.0 = Release|Win32
		{7C678652-8CEC-4248-8DF3-C60088A6EF50}.Debug|x64.ActiveCfg = Debug|x64
		{7C678652-8CEC-4248-8DF3-C60088A6EF50}.Debug|x64.Build.0 = Debug|x64
		{7C678652-8CEC-4248-8DF3-C60088A6EF50}.Debug|x86.ActiveCfg = Debug|Win32
		{7C678652-8CEC-4248-8DF3-C60088A6EF50}.Debug|x86.Build.0 = Debug|Win32
		{7C678652-8CEC-4248-8DF3-C60088A6EF50}.Release|x64.ActiveCfg = Release|x64
		{7C678652-8CEC-4248-8DF3-C60088A6EF50}.Release|x64.Build.0 = Release|x64
		{7C678652-8CEC-4248-8DF3-C60088A6EF50}.Release|x86.ActiveCfg = Release|Win32
		{7C678652-8CEC-4248-8DF3-C60088A6EF50}.Release|x86.Build.0 = Release|Win32
		{20F69A28-13AE-4A77-8340-06A7EB495EAF}.Debug|x64.ActiveCfg = Debug|x64
		{20F69A28-13AE-4A77-8340-06A7EB495EAF}.Debug|x64.Build.0 = Debug|x64
		{20F69A28-13AE-4A77-8340-06A7EB495EAF}.Debug|x86.ActiveCfg = Debug|Win32
		{20F69A28-13AE-4A77-8340-06A7EB495EAF}.Debug|x86.Build.0 = Debug|Win32
		{20F69A28-13AE-4A77-8340-06A7EB495EAF}.Release|x64.ActiveCfg = Release|x64
		{20F69A28-13AE-4A77-8340-06A7EB495EAF}.Release|x64.Build.0 = Release|x64
		{20F69A28-13AE-4A77-8340-06A7EB495EAF}.Release|x86.ActiveCfg = Release|Win32
		{20F69A28-13AE-4A77-8340-06A7EB495EAF}.Release|x86.Build.0 = Release|Win32
		{D48B9EF3-98A5-4EF3-9FF0-D163A282C1BD}.Debug|x64.ActiveCfg = Debug|x64
		{D48B9EF3-98A5-4EF3-9FF0-D163A282C1BD}.Debug|x64.Build.0 = Debug|x64
		{D48B9EF3-98A5-4EF3-9FF0-D163A282C1BD}.Debug|x86.ActiveCfg = Debug|Win32
		{D48B9EF3-98A5-4EF3-9FF0-D163A282C1BD}.Debug|x86.Build.0 = Debug|Win32
		{D48B9EF3-98A5-4EF3-9FF0-D163A282C1BD}.Release|x64.ActiveCfg = Release|x64
		{D48B9EF3-98A5-4EF3-9FF0-D163A282C1BD}.Release|x64.Build.0 = Release|x64
		{D48B9EF3-98A5-4EF3-9FF0-D163A282C1BD}.Release|x86.ActiveCfg = Release|Win32
		{D48B9EF3-98A5-4EF3-9FF0-D163A282C1BD}.Release|x86.Build.0 = Release|Win32
		{C45491DC-F5AE-4F11-969B-AA9EAAC8AA47}.Debug|x64.ActiveCfg = Debug|x64
		{C45491DC-F5AE-4F11-969B-AA9EAAC8AA47}.Debug|x64.Build.0 = Debug|x64
		{C45491DC-F5AE-4F11-969B-AA9EAAC8AA47}.Debug|x86.ActiveCfg = Debug|Win32
		{C45491DC-F5AE-4F11-969B-AA9EAAC8AA47}.Debug|x86.Build.0 = Debug|Win32
		{C45491DC-F5AE-4F11-969B-AA9EAAC8AA47}.Release|x64.ActiveCfg = Release|x64
		{C45491DC-F5AE-4F11-969B-AA9EAAC8AA47}.Release|x64.Build.0 = Release|x64
		{C45491DC-F5AE-4F11-969B-AA9EAAC8AA47}.Release|x86.ActiveCfg = Release|Win32
		{C45491DC-F5AE-4F11-969B-AA9EAAC8AA47}.Release|x86.Build.0 = Release|Win32
		{D634A083-C204-495D-8EA2-DAF3738C9595}.Debug|x64.ActiveCfg = Debug|x64
		{D634A083-C204-495D-8EA2-DAF3738C9595}.Debug|x64.Build.0 = Debug|x64
		{D634A083-C204-495D-8EA2-DAF3738C9595}.Debug|x86.ActiveCfg = Debug|Win32
		{D634A083-C204-495D-8EA2-DAF3738C9595}.Debug|x86.Build.0 = Debug|Win32
		{D634A083-C204-495D-8EA2-DAF3738C9595}.Release|x64.ActiveCfg = Release|x64
		{D634A083-C204-495D-8EA2-DAF3738C9595}.Release|x64.Build.0 = Release|x64
		{D634A083-C204-495D-8EA2-DAF3738C9595}.Release|x86.ActiveCfg = Release|Win32
		{D634A083-C204-495D-8EA2-DAF3738C9595}.Release|x86.Build.0 = Release|Win32
		{8C8A6DEE-42F4-44F5-97F3-48A5B5FF8EFF}.Debug|x64.ActiveCfg = Debug|x64
		{8C8A6DEE-42F4-44F5-97F3-48A5B5FF8EFF}.Debug|x64.Build.0 = Debug|x64
		{8C8A6DEE-42F4-44F5-97F3-48A5B5FF8EFF}.Debug|x86.ActiveCfg = Debug|Win32
		{8C8A6DEE-42F4-44F5-97F3-48A5B5FF8EFF}.Debug|x86.Build.0 = Debug|Win32
		{8C8A6DEE-42F4-44F5-97F3-48A5B5FF8EFF}.Release|x64.ActiveCfg = Release|x64
		{8C8A6DEE-42F4-44F5-97F3-48A5B5FF8EFF}.Release|x64.Build.0 = Release|x64
		{8C8A6DEE-42F4-44F5-97F3-48A5B5FF8EFF}.Release|x86.ActiveCfg = Release|Win32
		{8C8A6DEE-42F4-44F5-97F3-48A5B5FF8EFF}.Release|x86.Build.0 = Release|Win32
		{3BEFC82F-FB4E-45E9-8D53-42F89BF81272}.Debug|x64.ActiveCfg = Debug|x64
		{3BEFC82F-FB4E-45E9-8D53-42F89BF81272}.Debug|x64.Build.0 = Debug|x64
		{3BEFC82F-FB4E-45E9-8D53-42F89BF81272}.Debug|x86.ActiveCfg = Debug|Win32
		{3BEFC82F-FB4E-45E9-8D53-42F89BF81272}.Debug|x86.Build.0 = Debug|Win32
		{3BEFC82F-FB4E-45E9-8D53-42F89BF81272}.Release|x64.ActiveCfg = Release|x64
		{3BEFC82F-FB4E-45E9-8D53-42F89BF81272}.Release|x64.Build.0 = Release|x64
		{3BEFC82F-FB4E-45E9-8D53-42F89BF81272}.Release|x86.ActiveCfg = Release|Win32
		{3BEFC82F-FB4E-45E9-8D53-42F89BF81272}.Release|x86.Build.0 = Release|Win32
		{212107B3-7A53-41BF-B90E-7C6478CDD324}.Debug|x64.ActiveCfg = Debug|x64
		{212107B3-7A53-41BF-B90E-7C6478CDD324}.Debug|x64.Build.0 = Debug|x64
		{212107B3-7A53-41BF-B90E-7C6478CDD324}.Debug|x86.ActiveCfg = Debug|Win32
		{212107B3-7A53-41BF-B90E-7C6478CDD324}.Debug|x86.Build.0 = Debug|Win32
		{212107B3-7A53-41BF-B90E-7C6478CDD324}.Release|x64.ActiveCfg = Release|x64
		{212107B3-7A53-41BF-B90E-7C6478CDD324}.Release|x64.Build.0 = Release|x64
		{212107B3-7A53-41BF-B90E-7C6478CDD324}.Release|x86.ActiveCfg = Release|Win32
		{212107B3-7A53-41BF-B90E-7C6478CDD324}.Release|x86.Build.0 = Release|Win32
		{D89E5308-0649-49B3-8539-FF461C421D45}.Debug|x64.ActiveCfg = Debug|x64
		{D89E5308-0649-49B3-8539-FF461C421D45}.Debug|x64.Build.0 = Debug|x64
		{D89E5308-0649-49B3-8539-FF461C421D45}.Debug|x86.ActiveCfg = Debug|Win32
		{D89E5308-0649-49B3-8539-FF461C421D45}.Debug|x86.Build.0 = Debug|Win32
		{D89E5308-0649-49B3-8539-FF461C421D45}.Release|x64.ActiveCfg = Release|x64
		{D89E5308-0649-49B3-8539-FF461C421D45}.Release|x64.Build.0 = Release|x64
		{D89E5308-0649-49B3-8539-FF461C421D45}.Release|x86.ActiveCfg = Release|Win32
		{D89E5308-0649-49B3-8539-FF461C421D45}.Release|x86.Build.0 = Release|Win32
		{F70BB7A9-C95C-462D-BD07-165F9C7D24BD}.Debug|x64.ActiveCfg = Debug|x64
		{F70BB7A9-C95C-462D-BD07-165F9C7D24BD}.Debug|x64.Build.0 = Debug|x64
		{F70BB7A9-C95C-462D-BD07-165F9C7D24BD}.Debug|x86.ActiveCfg = Debug|Win32
		{F70BB7A9-C95C-462D-BD07-165F9C7D24BD}.Debug|x86.Build.0 = Debug|Win32
		{F70BB7A9-C95C-462D-BD07-165F9C7D24BD}.Release|x64.ActiveCfg = Release|x64
		{F70BB7A9-C95C-462D-BD07-165F9C7D24BD}.Release|x64.Build.0 = Release|x64
		{F70BB7A9-C95C-462D-BD07-165F9C7D24BD}.Release|x86.ActiveCfg = Release|Win32
		{F70BB7A9-C95C-462D-BD07-165F9C7D24BD}.Release|x86.Build.0 = Release|Win32
		{8D64C9ED-2785-4EA8-94B6-549192A9E769}.Debug|x64.ActiveCfg = Debug|x64
		{8D64C9ED-2785-4EA8-94B6-549192A9E769}.Debug|x64.Build.0 = Debug|x64
		{8D64C9ED-2785-4EA8-94B6-549192A9E769}.Debug|x86.ActiveCfg = Debug|Win32
		{8D64C9ED-2785-4EA8-94B6-549192A9E769}.Debug|x86.Build.0 = Debug|Win32
		{8D64C9ED-2785-4EA8-94B6-549192A9E769}.Release|x64.ActiveCfg = Release|x64
		{8D64C9ED-2785-4EA8-94B6-549192A9E769}.Release|x64.Build.0 = Release|x64
		{8D64C9ED-2785-4EA8-94B6-549192A9E769}.Release|x86.ActiveCfg = Release|Win32
		{8D64C9ED-2785-4EA8-94B6-549192A9E769}.Release|x86.Build.0 = Release|Win32
		{91824CAC-4A05-4D96-909C-38DC67A90FDB}.Debug|x64.ActiveCfg = Debug|x64
		{91824CAC-4A05-4D96-909C-38DC67A90FDB}.Debug|x64.Build.0 = Debug|x64
		{91824CAC-4A05-4D96-909C-38DC67A90FDB}.Debug|x86.ActiveCfg = Debug|Win32
		{91824CAC-4A05-4D96-909C-38DC67A90FDB}.Debug|x86.Build.0 = Debug|Win32
		{91824CAC-4A05-4D96-909C-38DC67A90FDB}.Release|x64.ActiveCfg = Release|x64
		{91824CAC-4A05-4D96-909C-38DC67A90FDB}.Release|x64.Build.0 = Release|x64
		{91824CAC-4A05-4D96-909C-38DC67A90FDB}.Release|x86.ActiveCfg = Release|Win32
		{91824CAC-4A05-4D96-909C-38DC67A90FDB}.Release|x86.Build.0 = Release|Win32
		{46E3636E-207C-4195-AF7B-10ED4CB67A05}.Debug|x64.ActiveCfg = Debug|x64
		{46E3636E-207C-4195-AF7B-10ED4CB67A05}.Debug|x64.Build.0 = Debug|x64
		{46E3636E-207C-4195-AF7B-10ED4CB67A05}.Debug|x86.ActiveCfg = Debug|Win32
		{46E3636E-207C-4195-AF7B-10ED4CB67A05}.Debug|x86.Build.0 = Debug|Win32
		{46E3636E-207C-4195-AF7B-10ED4CB67A05}.Release|x64.ActiveCfg = Release|x64
		{46E3636E-207C-4195-AF7B-10ED4CB67A05}.Release|x64.Build.0 = Release|x64
		{46E3636E-207C-4195-AF7B-10ED4CB67A05}.Release|x86.ActiveCfg = Release|Win32
		{46E3636E-207C-4195-AF7B-10ED4CB67A05}.Release|x86.Build.0 = Release|Win32
		{69F70DF6-5F12-414E-953F-C2DE969EAF30}.Debug|x64.ActiveCfg = Debug|x64
		{69F70DF6-5F12-414E-953F-C2DE969EAF30}.Debug|x64.Build.0 = Debug|x64
		{69F70DF6-5F12-414E-953F-C2DE969EAF30}.Debug|x86.ActiveCfg = Debug|Win32
		{69F70DF6-5F12-414E-953F-C2DE969EAF30}.Debug|x86.Build.0 = Debug|Win32
		{69F70DF6-5F12-414E-953F-C2DE969EAF30}.Release|x64.ActiveCfg = Release|x64
		{69F70DF6-5F12-414E-953F-C2DE969EAF30}.Release|x64.Build.0 = Release|x64
		{69F70DF6-5F12-414E-953F-C2DE969EAF30}.Release|x86.ActiveCfg = Release|Win32
		{69F70DF6-5F12-414E-953F-C2DE969EAF30}.Release|x86.Build.0 = Release|Win32
		{B6E91DFC-347D-47DF-A93E-7F0AFB1F20EB}.Debug|x64.ActiveCfg = Debug|x64
		{B6E91DFC-347D-47DF-A93E-7F0AFB1F20EB}.Debug|x64.Build.0 = Debug|x64
		{B6E91DFC-347D-47DF-A93E-7F0AFB1F20EB}.Debug|x86.ActiveCfg = Debug|Win32
		{B6E91DFC-347D-47DF-A93E-7F0AFB1F20EB}.Debug|x86.Build.0 = Debug|Win32
		{B6E91DFC-347D-47DF-A93E-7F0AFB1F20EB}.Release|x64.ActiveCfg = Release|x64
		{B6E91DFC-347D-47DF-A93E-7F0AFB1F20EB}.Release|x64.Build.0 = Release|x64
		{B6E91DFC-347D-47DF-A93E-7F0AFB1F20EB}.Release|x86.ActiveCfg = Release|Win32
		{B6E91DFC-347D-47DF-A93E-7F0AFB1F20EB}.Release|x86.Build.0 = Release|Win32
		{268269C1-501C-4D15-B474-5ED9FE905D23}.Debug|x64.ActiveCfg = Debug|x64
		{268269C1-501C-4D15-B474-5ED9FE905D23}.Debug|x64.Build.0 = Debug|x64
		{268269C1-501C-4D15-B474-5ED9FE905D23}.Debug|x86.ActiveCfg = Debug|Win32
		{268269C1-501C-4D15-B474-5ED9FE905D23}.Debug|x86.Build.0 = Debug|Win32
		{268269C1-501C-4D15-B474-5ED9FE905D23}.Release|x64.ActiveCfg = Release|x64
		{268269C1-501C-4D15-B474-5ED9FE905D23}.Release|x64.Build.0 = Release|x64
		{268269C1-501C-4D15-B474-5ED9FE905D23}.Release|x86.ActiveCfg = Release|Win32
		{268269C1-501C-4D15-B474-5ED9FE905D23}.Release|x86.Build.0 = Release|Win32
		{988BC100-7480-417E-B6B9-AF76CFC060D7}.Debug|x64.ActiveCfg = Debug|x64
		{988BC100-7480-417E-B6B9-AF76CFC060D7}.Debug|x64.Build.0 = Debug|x64
		{988BC100-7480-417E-B6B9-AF76CFC060D7}.Debug|x86.ActiveCfg = Debug|Win32
		{988BC100-7480-417E-B6B9-AF76CFC060D7}.Debug|x86.Build.0 = Debug|Win32
		{988BC100-7480-417E-B6B9-AF76CFC060D7}.Release|x64.ActiveCfg = Release|x64
		{988BC100-7480-417E-B6B9-AF76CFC060D7}.Release|x64.Build.0 = Release|x64
		{988BC100-7480-417E-B6B9-AF76CFC060D7}.Release|x86.ActiveCfg = Release|Win32
		{988BC100-7480-417E-B6B9-AF76CFC060D7}.Release|x86.Build.0 = Release|Win32
		{54815410-4E96-482C-9A8D-508B828A5F1D}.Debug|x64.ActiveCfg = Debug|x64
		{54815410-4E96-482C-9A8D-508B828A5F1D}.Debug|x64.Build.0 = Debug|x64
		{54815410-4E96-482C-9A8D-508B828A5F1D}.Debug|x86.ActiveCfg = Debug|Win32
		{54815410-4E96-482C-9A8D-508B828A5F1D}.Debug|x86.Build.0 = Debug|Win32
		{54815410-4E96-482C-9A8D-508B828A5F1D}.Release|x64.ActiveCfg = Release|x64
		{54815410-4E96-482C-9A8D-508B828A5F1D}.Release|x64.Build.0 = Release|x64
		{54815410-4E96-482C-9A8D-508B828A5F1D}.Release|x86.ActiveCfg = Release|Win32
		{54815410-4E96-482C-9A8D-508B828A5F1D}.Release|x86.Build.0 = Release|Win32
		{499AF3DA-D0C7-4CC7-BD04-A9FD382C3A64}.Debug|x64.ActiveCfg = Debug|x64
		{499AF3DA-D0C7-4CC7-BD04-A9FD382C3A64}.Debug|x64.Build.0 = Debug|x64
		{499AF3DA-D0C7-4CC7-BD04-A9FD382C3A64}.Debug|x86.ActiveCfg = Debug|Win32
		{499AF3DA-D0C7-4CC7-BD04-A9FD382C3A64}.Debug|x86.Build.0 = Debug|Win32
		{499AF3DA-D0C7-4CC7-BD04-A9FD382C3A64}.Release|x64.ActiveCfg = Release|x64
		{499AF3DA-D0C7-4CC7-BD04-A9FD382C3A64}.Release|x64.Build.0 = Release|x64
		{499AF3DA-D0C7-4CC7-BD04-A9FD382C3A64}.Release|x86.ActiveCfg = Release|Win32
		{499AF3DA-D0C7-4CC7-BD04-A9FD382C3A64}.Release|x86.Build.0 = Release|Win32
		{FD6BE960-90EC-4DE5-82CF-1D80EF36CCAF}.Debug|x64.ActiveCfg = Debug|x64
		{FD6BE960-90EC-4DE5-82CF-1D80EF36CCAF}.Debug|x64.Build.0 = Debug|x64
		{FD6BE960-90EC-4DE5-82CF-1D80EF36CCAF}.Debug|x86.ActiveCfg = Debug|Win32
		{FD6BE960-90EC-4DE5-82CF-1D80EF36CCAF}.Debug|x86.Build.0 = Debug|Win32
		{FD6BE960-90EC-4DE5-82CF-1D80EF36CCAF}.Release|x64.ActiveCfg = Release|x64
		{FD6BE960-90EC-4DE5-82CF-1D80EF36CCAF}.Release|x64.Build.0 = Release|x64
		{FD6BE960-90EC-4DE5-82CF-1D80EF36CCAF}.Release|x86.ActiveCfg = Release|Win32
		{FD6BE960-90EC-4DE5-82CF-1D80EF36CCAF}.Release|x86.Build.0 = Release|Win32
		{A0AC89DC-1151-4BED-AA7B-848A2BA21CF0}.Debug|x64.ActiveCfg = Debug|x64
		{A0AC89DC-1151-4BED-AA7B-848A2BA21CF0}.Debug|x64.Build.0 = Debug|x64
		{A0AC89DC-1151-4BED-AA7B-848A2BA21CF0}.Debug|x86.ActiveCfg = Debug|Win32
		{A0AC89DC-1151-4BED-AA7B-848A2BA21CF0}.Debug|x86.Build.0 = Debug|Win32
		{A0AC89DC-1151-4BED-AA7B-848A2BA21CF0}.Release|x64.ActiveCfg = Release|x64
		{A0AC89DC-1151-4BED-AA7B-848A2BA21CF0}.Release|x64.Build.0 = Release|x64
		{A0AC89DC-1151-4BED-AA7B-848A2BA21CF0}.Release|x86.ActiveCfg = Release|Win32
		{A0AC89DC-1151-4BED-AA7B-848A2BA21CF0}.Release|x86.Build.0 = Release|Win32
		{CFB995BB-4ED3-4903-89BA-E77C4E54E9B5}.Debug|x64.ActiveCfg = Debug|x64
		{CFB995BB-4ED3-4903-89BA-E77C4E54E9B5}.Debug|x64.Build.0 = Debug|x64
		{CFB995BB-4ED3-4903-89BA-E77C4E54E9B5}.Debug|x86.ActiveCfg = Debug|Win32
		{CFB995BB-4ED3-4903-89BA-E77C4E54E9B5}.Debug|x86.Build.0 = Debug|Win32
		{CFB995BB-4ED3-4903-89BA-E77C4E54E9B5}.Release|x64.ActiveCfg = Release|x64
		{CFB995BB-4ED3-4903-89BA-E77C4E54E9B5}.Release|x64.Build.0 = Release|x64
		{CFB995BB-4ED3-4903-89BA-E77C4E54E9B5}.Release|x86.ActiveCfg = Release|Win32
		{CFB995BB-4ED3-4903-89BA-E77C4E54E9B5}.Release|x86.Build.0 = Release|Win32
	EndGlobalSection
	GlobalSection(SolutionProperties) = preSolution
		HideSolutionNode = FALSE
	EndGlobalSection
	GlobalSection(ExtensibilityGlobals) = postSolution
		SolutionGuid = {76AD7FD7-0974-4EE5-A9E5-BA5720E34F9E}
	EndGlobalSection
EndGlobal
