
Microsoft Visual Studio Solution File, Format Version 12.00
# Visual Studio Version 16
VisualStudioVersion = 16.0.29326.143
MinimumVisualStudioVersion = 10.0.40219.1
Project("{8BC9CEB8-8B4A-11D0-8D11-00A0C91BC942}") = "LeetCodeHub", "LeetCodeHub\LeetCodeHub.vcxproj", "{7E81BD87-6DB4-4787-A450-63639EDBA81D}"
EndProject
Project("{8BC9CEB8-8B4A-11D0-8D11-00A0C91BC942}") = "065_Valid_Number", "65_Valid_Number\65_Valid_Number.vcxproj", "{88BEA9D3-2E02-4B2A-89C8-BFD532250F50}"
EndProject
Project("{8BC9CEB8-8B4A-11D0-8D11-00A0C91BC942}") = "Utilities", "Utilities\Utilities.vcxproj", "{8271297F-D9B9-4338-BC34-ED40305C3520}"
EndProject
Project("{8BC9CEB8-8B4A-11D0-8D11-00A0C91BC942}") = "287_Find_the_Duplicate_Number", "287_Find_the_Duplicate_Number\287_Find_the_Duplicate_Number.vcxproj", "{0061F014-C1B9-4FD4-AB4D-AB690F09BEEF}"
EndProject
Project("{8BC9CEB8-8B4A-11D0-8D11-00A0C91BC942}") = "240_Search_a_2D_Matrix_II", "240_Search_a_2D_Matrix_II\240_Search_a_2D_Matrix_II.vcxproj", "{3354B960-F0CE-4BB4-BB88-FA17FAE58749}"
EndProject
Project("{8BC9CEB8-8B4A-11D0-8D11-00A0C91BC942}") = "206_Reverse_Linked_List", "206_Reverse_Linked_List\206_Reverse_Linked_List.vcxproj", "{7C678652-8CEC-4248-8DF3-C60088A6EF50}"
EndProject
Project("{8BC9CEB8-8B4A-11D0-8D11-00A0C91BC942}") = "105_Construct_Binary_Tree_from_Preorder_and_Inorder", "105_Construct_Binary_Tree_from_Preorder_and_Inorder\105_Construct_Binary_Tree_from_Preorder_and_Inorder.vcxproj", "{20F69A28-13AE-4A77-8340-06A7EB495EAF}"
EndProject
Project("{8BC9CEB8-8B4A-11D0-8D11-00A0C91BC942}") = "510_Inorder_Successor_in_BST_II", "510_Inorder_Successor_in_BST_II\510_Inorder_Successor_in_BST_II.vcxproj", "{D48B9EF3-98A5-4EF3-9FF0-D163A282C1BD}"
EndProject
Project("{8BC9CEB8-8B4A-11D0-8D11-00A0C91BC942}") = "050_Pow", "50_Pow\50_Pow.vcxproj", "{C45491DC-F5AE-4F11-969B-AA9EAAC8AA47}"
EndProject
Project("{8BC9CEB8-8B4A-11D0-8D11-00A0C91BC942}") = "237_Delete_Node_in_a_Linked_List", "237_Delete_Node_in_a_Linked_List\237_Delete_Node_in_a_Linked_List.vcxproj", "{D634A083-C204-495D-8EA2-DAF3738C9595}"
EndProject
Project("{8BC9CEB8-8B4A-11D0-8D11-00A0C91BC942}") = "203_Remove_Linked_List_Elements", "203_Remove_Linked_List_Elements\203_Remove_Linked_List_Elements.vcxproj", "{8C8A6DEE-42F4-44F5-97F3-48A5B5FF8EFF}"
EndProject
Project("{8BC9CEB8-8B4A-11D0-8D11-00A0C91BC942}") = "coding_interview_05_ReplaceSpace", "coding_interview_05_ReplaceSpace\coding_interview_05_ReplaceSpace.vcxproj", "{3BEFC82F-FB4E-45E9-8D53-42F89BF81272}"
EndProject
Project("{8BC9CEB8-8B4A-11D0-8D11-00A0C91BC942}") = "083_Remove_Duplicates_from_Sorted_List", "83_Remove_Duplicates_from_Sorted_List\83_Remove_Duplicates_from_Sorted_List.vcxproj", "{212107B3-7A53-41BF-B90E-7C6478CDD324}"
EndProject
Project("{8BC9CEB8-8B4A-11D0-8D11-00A0C91BC942}") = "010_Regular_Expression_Matching", "10_Regular_Expression_Matching\10_Regular_Expression_Matching.vcxproj", "{D89E5308-0649-49B3-8539-FF461C421D45}"
EndProject
Project("{8BC9CEB8-8B4A-11D0-8D11-00A0C91BC942}") = "232_Implement_Queue_using_Stacks", "232_Implement_Queue_using_Stacks\232_Implement_Queue_using_Stacks.vcxproj", "{F70BB7A9-C95C-462D-BD07-165F9C7D24BD}"
EndProject
Project("{8BC9CEB8-8B4A-11D0-8D11-00A0C91BC942}") = "225_Implement_Stack_using_Queue", "225_Implement_Stack_using_Queue\225_Implement_Stack_using_Queue.vcxproj", "{8D64C9ED-2785-4EA8-94B6-549192A9E769}"
EndProject
Project("{8BC9CEB8-8B4A-11D0-8D11-00A0C91BC942}") = "509_Fibonacci_Number", "509_Fibonacci_Number\509_Fibonacci_Number.vcxproj", "{91824CAC-4A05-4D96-909C-38DC67A90FDB}"
EndProject
Project("{8BC9CEB8-8B4A-11D0-8D11-00A0C91BC942}") = "153_Find_Minimum_in_Rotated_Sorted_Array", "153_Find_Minimum_in_Rotated_Sorted_Array\153_Find_Minimum_in_Rotated_Sorted_Array.vcxproj", "{46E3636E-207C-4195-AF7B-10ED4CB67A05}"
EndProject
Project("{8BC9CEB8-8B4A-11D0-8D11-00A0C91BC942}") = "079_Word_Search", "79_Word_Search\79_Word_Search.vcxproj", "{69F70DF6-5F12-414E-953F-C2DE969EAF30}"
EndProject
Project("{8BC9CEB8-8B4A-11D0-8D11-00A0C91BC942}") = "343_Interger_Break", "343_Interger_Break\343_Interger_Break.vcxproj", "{B6E91DFC-347D-47DF-A93E-7F0AFB1F20EB}"
EndProject
Project("{8BC9CEB8-8B4A-11D0-8D11-00A0C91BC942}") = "191_Number_of_1_Bits", "191_Number_of_1_Bits\191_Number_of_1_Bits.vcxproj", "{268269C1-501C-4D15-B474-5ED9FE905D23}"
EndProject
Project("{8BC9CEB8-8B4A-11D0-8D11-00A0C91BC942}") = "338_Counting_Bits", "338_Counting_Bits\338_Counting_Bits.vcxproj", "{988BC100-7480-417E-B6B9-AF76CFC060D7}"
EndProject
Project("{8BC9CEB8-8B4A-11D0-8D11-00A0C91BC942}") = "905_Sort_Array_by_Parity", "905_Sort_Array_by_Parity\905_Sort_Array_by_Parity.vcxproj", "{54815410-4E96-482C-9A8D-508B828A5F1D}"
EndProject
Project("{8BC9CEB8-8B4A-11D0-8D11-00A0C91BC942}") = "019_Remove_Nth_Node_from_End_of_List", "19_Remove_Nth_Node_from_End_of_List\19_Remove_Nth_Node_from_End_of_List.vcxproj", "{499AF3DA-D0C7-4CC7-BD04-A9FD382C3A64}"
EndProject
Project("{8BC9CEB8-8B4A-11D0-8D11-00A0C91BC942}") = "142_Linked_List_Cycle_II", "142_Linked_List_Cycle_II\142_Linked_List_Cycle_II.vcxproj", "{FD6BE960-90EC-4DE5-82CF-1D80EF36CCAF}"
EndProject
Project("{8BC9CEB8-8B4A-11D0-8D11-00A0C91BC942}") = "021_Merge_Two_Sorted_Lists", "21_Merge_Two_Sorted_Lists\21_Merge_Two_Sorted_Lists.vcxproj", "{A0AC89DC-1151-4BED-AA7B-848A2BA21CF0}"
EndProject
Project("{8BC9CEB8-8B4A-11D0-8D11-00A0C91BC942}") = "102_Binary_Tree_Level_Order_Traversal", "102_Binary_Tree_Level_Order_Traversal\102_Binary_Tree_Level_Order_Traversal.vcxproj", "{CFB995BB-4ED3-4903-89BA-E77C4E54E9B5}"
EndProject
Project("{8BC9CEB8-8B4A-11D0-8D11-00A0C91BC942}") = "572_Subtree_of_Another_Tree", "572_Subtree_of_Another_Tree\572_Subtree_of_Another_Tree.vcxproj", "{4859E7DC-A4E9-4C45-92AA-75E267AAF94C}"
EndProject
Project("{8BC9CEB8-8B4A-11D0-8D11-00A0C91BC942}") = "226_Invert_Binary_Tree", "226_Invert_Binary_Tree\226_Invert_Binary_Tree.vcxproj", "{C7EC5610-E186-4DAB-8A58-BA509D47C47C}"
EndProject
Project("{8BC9CEB8-8B4A-11D0-8D11-00A0C91BC942}") = "101_Symmetric_Tree", "101_Symmetric_Tree\101_Symmetric_Tree.vcxproj", "{1F81D09D-8050-457F-9E74-08F4F68F64B5}"
EndProject
Project("{8BC9CEB8-8B4A-11D0-8D11-00A0C91BC942}") = "054_Spiral_Matrix", "54_Spiral_Matrix\54_Spiral_Matrix.vcxproj", "{2EC7E743-27ED-4FAA-BCC8-43F08291FD2E}"
EndProject
Project("{8BC9CEB8-8B4A-11D0-8D11-00A0C91BC942}") = "155_Min_Stack", "155_Min_Stack\155_Min_Stack.vcxproj", "{CB73A3ED-A8C1-49ED-B65D-0E5E3459AE84}"
EndProject
Project("{8BC9CEB8-8B4A-11D0-8D11-00A0C91BC942}") = "946_Validate_Stack_Sequences", "946_Validate_Stack_Sequences\946_Validate_Stack_Sequences.vcxproj", "{50DB585A-D2B2-4850-AEFA-43AB0A39567A}"
EndProject
Project("{8BC9CEB8-8B4A-11D0-8D11-00A0C91BC942}") = "103_Binary_Tree_Zigzag_Level_Order_Traversal", "103_Binary_Tree_Zigzag_Level_Order_Traversal\103_Binary_Tree_Zigzag_Level_Order_Traversal.vcxproj", "{C417806E-82EE-4C2A-B289-668856BBDCAA}"
EndProject
Project("{8BC9CEB8-8B4A-11D0-8D11-00A0C91BC942}") = "255_Verify_Preorder_Sequence_of_a_Binary_Tree", "255_Verify_Preorder_Sequence_of_a_Binary_Tree\255_Verify_Preorder_Sequence_of_a_Binary_Tree.vcxproj", "{BC860E60-A538-4869-B091-64C75818C4D4}"
EndProject
Project("{8BC9CEB8-8B4A-11D0-8D11-00A0C91BC942}") = "112_Path_Sum", "112_Path_Sum\112_Path_Sum.vcxproj", "{CDB56F6D-CAF0-49ED-A276-8663723D34D4}"
EndProject
Project("{8BC9CEB8-8B4A-11D0-8D11-00A0C91BC942}") = "138_Copy_List_with_Random_Pointer", "138_Copy_List_with_Random_Pointer\138_Copy_List_with_Random_Pointer.vcxproj", "{F640CB39-FB7C-4F86-825B-B48FAE2A90F7}"
EndProject
Project("{8BC9CEB8-8B4A-11D0-8D11-00A0C91BC942}") = "169_Majority_Element", "169_Majority_Element\169_Majority_Element.vcxproj", "{794228EE-0DD6-4E2D-B131-6FB48B685688}"
EndProject
Project("{8BC9CEB8-8B4A-11D0-8D11-00A0C91BC942}") = "426_Convert_Binary_Search_Tree_to_Sorted_Doubly_Linked_List", "426_Convert_Binary_Search_Tree_to_Sorted_Doubly_Linked_List\426_Convert_Binary_Search_Tree_to_Sorted_Doubly_Linked_List.vcxproj", "{4678453F-52B8-47D6-9326-E2B2C3435FBD}"
EndProject
Project("{8BC9CEB8-8B4A-11D0-8D11-00A0C91BC942}") = "297_Serialize_and_Deserialize_Binary_Tree", "297_Serialize_and_Deserialize_Binary_Tree\297_Serialize_and_Deserialize_Binary_Tree.vcxproj", "{4A92CD4D-EB5F-417C-91BD-6B807AF149D7}"
EndProject
Project("{8BC9CEB8-8B4A-11D0-8D11-00A0C91BC942}") = "046_Permutations", "46_Permutations\46_Permutations.vcxproj", "{9BBF73EC-49FC-46A9-9A0D-912DB7432FE9}"
EndProject
Project("{8BC9CEB8-8B4A-11D0-8D11-00A0C91BC942}") = "047_Permutations_II", "47_Permutations_II\47_Permutations_II.vcxproj", "{D9F1AD47-7991-41AC-B405-CACB2C74A448}"
EndProject
Project("{8BC9CEB8-8B4A-11D0-8D11-00A0C91BC942}") = "263_Ugly_Number", "263_Ugly_Number\263_Ugly_Number.vcxproj", "{EA3F1F0C-9044-45D0-87C1-3297B58DE727}"
EndProject
Project("{8BC9CEB8-8B4A-11D0-8D11-00A0C91BC942}") = "264_Ugly_Number_II", "264_Ugly_Number_II\264_Ugly_Number_II.vcxproj", "{81C7440A-77CA-45A1-A42C-0819C8993E31}"
EndProject
Project("{8BC9CEB8-8B4A-11D0-8D11-00A0C91BC942}") = "053_Maximum_Subarray", "53_Maximum_Subarray\53_Maximum_Subarray.vcxproj", "{747FC47A-9363-4AD0-854F-E9BE0640AF15}"
EndProject
Project("{8BC9CEB8-8B4A-11D0-8D11-00A0C91BC942}") = "215_Kth_Largest_Element_In_An_Array", "215_Kth_Largest_Element_In_An_Array\215_Kth_Largest_Element_In_An_Array.vcxproj", "{439D4AFE-CE85-45BF-904F-81321769731F}"
EndProject
Project("{8BC9CEB8-8B4A-11D0-8D11-00A0C91BC942}") = "295_Find_Median_From_Data_Stream", "295_Find_Median_From_Data_Stream\295_Find_Median_From_Data_Stream.vcxproj", "{FEB1A19D-6EA3-4B5F-83DA-DACFED9A4944}"
EndProject
Project("{8BC9CEB8-8B4A-11D0-8D11-00A0C91BC942}") = "233_Number_of_Digit_One", "233_Number_of_Digit_One\233_Number_of_Digit_One.vcxproj", "{1E5A7979-3ED8-4688-B5CD-BA6A4BD417DB}"
EndProject
Project("{8BC9CEB8-8B4A-11D0-8D11-00A0C91BC942}") = "400_Nth_Digit", "400_Nth_Digit\400_Nth_Digit.vcxproj", "{1337E340-A7EA-46BB-B722-F84E133B18B9}"
EndProject
Project("{8BC9CEB8-8B4A-11D0-8D11-00A0C91BC942}") = "179_Largest_Number", "179_Largest_Number\179_Largest_Number.vcxproj", "{B9015325-B8A0-4ADC-BE68-B689EDB06D38}"
EndProject
Project("{8BC9CEB8-8B4A-11D0-8D11-00A0C91BC942}") = "091_Decode_Ways", "91_Decode_Ways\91_Decode_Ways.vcxproj", "{E6069988-FAD4-4E35-BFC0-DCB90BAD2911}"
EndProject
Project("{8BC9CEB8-8B4A-11D0-8D11-00A0C91BC942}") = "003_Longest_Substring_Without_Repeating_Characters", "3_Longest_Substring_Without_Repeating_Characters\3_Longest_Substring_Without_Repeating_Characters.vcxproj", "{6102C4F2-D1B3-4D81-8559-4109FA31FE2D}"
EndProject
Project("{8BC9CEB8-8B4A-11D0-8D11-00A0C91BC942}") = "159_Longest_Substring_With_At_Most_Two_Distinct_Characters", "159_Longest_Substring_With_At_Most_Two_Distinct_Characters\159_Longest_Substring_With_At_Most_Two_Distinct_Characters.vcxproj", "{10F269F6-3FF8-4B32-922E-3A4CF51CC77C}"
EndProject
Project("{8BC9CEB8-8B4A-11D0-8D11-00A0C91BC942}") = "340_Longest_Substring_With_At_Most_K_Distinct_Characters", "340_Longest_Substring_With_At_Most_K_Distinct_Characters\340_Longest_Substring_With_At_Most_K_Distinct_Characters.vcxproj", "{BCC87A37-A20A-4D39-97F7-F76C76339909}"
EndProject
Project("{8BC9CEB8-8B4A-11D0-8D11-00A0C91BC942}") = "387_First_Unique_Character_In_A_String", "387_First_Unique_Character_In_A_String\387_First_Unique_Character_In_A_String.vcxproj", "{7149DAB3-1BCF-4B80-9699-625B3E78D27F}"
EndProject
Project("{8BC9CEB8-8B4A-11D0-8D11-00A0C91BC942}") = "315_Count_Of_Smaller_Numbers_After_Self", "315_Count_Of_Smaller_Numbers_After_Self\315_Count_Of_Smaller_Numbers_After_Self.vcxproj", "{632B987D-EE87-4443-A8E8-BA326B844CE3}"
EndProject
Project("{8BC9CEB8-8B4A-11D0-8D11-00A0C91BC942}") = "493_Reverse_Pairs", "493_Reverse_Pairs\493_Reverse_Pairs.vcxproj", "{CC7803D4-7D17-4E2D-80F8-3367FA6E307E}"
EndProject
Project("{8BC9CEB8-8B4A-11D0-8D11-00A0C91BC942}") = "160_Intersection_Of_Two_Linked_Lists", "160_Intersection_Of_Two_Linked_Lists\160_Intersection_Of_Two_Linked_Lists.vcxproj", "{C7ADC744-F13E-4A4A-B681-D7BF9F57384A}"
EndProject
Project("{8BC9CEB8-8B4A-11D0-8D11-00A0C91BC942}") = "034_Find_First_And_Last_Position_Of_Element_In_Sorted_Array", "34_Find_First_And_Last_Position_Of_Element_In_Sorted_Array\34_Find_First_And_Last_Position_Of_Element_In_Sorted_Array.vcxproj", "{D79CD1EB-65C4-425E-8127-5256DE973884}"
EndProject
Project("{8BC9CEB8-8B4A-11D0-8D11-00A0C91BC942}") = "230_Kth_Smallest_Element_In_A_BST", "230_Kth_Smallest_Element_In_A_Bst\230_Kth_Smallest_Element_In_A_Bst.vcxproj", "{67E3B7BE-9A2F-4B09-98D2-8F115F4CA5C1}"
EndProject
Project("{8BC9CEB8-8B4A-11D0-8D11-00A0C91BC942}") = "104_Maximum_Depth_Of_Binary_Tree", "104_Maximum_Depth_Of_Binary_Tree\104_Maximum_Depth_Of_Binary_Tree.vcxproj", "{FCD52F10-3DCD-42FA-A0C5-4F0577E6A5A5}"
EndProject
Project("{8BC9CEB8-8B4A-11D0-8D11-00A0C91BC942}") = "137_Single_Number_II", "137_Single_Number_II\137_Single_Number_II.vcxproj", "{F271A4BC-5717-4642-9887-CF3AD8133E86}"
EndProject
Project("{8BC9CEB8-8B4A-11D0-8D11-00A0C91BC942}") = "260_Single_Number_III", "260_Single_Number_III\260_Single_Number_III.vcxproj", "{3D2D39D6-EDB0-49D1-B23C-BA38668C2F89}"
EndProject
Project("{8BC9CEB8-8B4A-11D0-8D11-00A0C91BC942}") = "136_Single_Number", "136_Single_Number\136_Single_Number.vcxproj", "{DC909073-2FA0-456C-83B2-09FB365236F6}"
EndProject
Project("{8BC9CEB8-8B4A-11D0-8D11-00A0C91BC942}") = "829_Consecutive_Numbers_Sum", "829_Consecutive_Numbers_Sum\829_Consecutive_Numbers_Sum.vcxproj", "{5CFD8305-C9F2-4393-A02D-E142A91013D7}"
EndProject
Project("{8BC9CEB8-8B4A-11D0-8D11-00A0C91BC942}") = "239_Sliding_Window_Maximum", "239_Sliding_Window_Maximum\239_Sliding_Window_Maximum.vcxproj", "{051671BF-32E1-4B57-AED0-97640FF35169}"
EndProject
Project("{8BC9CEB8-8B4A-11D0-8D11-00A0C91BC942}") = "1155_Number_Of_Dice_Rolls_With_Target_Sum", "1155_Number_Of_Dice_Rolls_With_Target_Sum\1155_Number_Of_Dice_Rolls_With_Target_Sum.vcxproj", "{9E6E24E3-6DAC-4F3A-A70A-2ABAB9EFE55D}"
EndProject
Project("{8BC9CEB8-8B4A-11D0-8D11-00A0C91BC942}") = "121_Best_Time_To_Buy_And_Sell_Stock", "121_Best_Time_To_Buy_And_Sell_Stock\121_Best_Time_To_Buy_And_Sell_Stock.vcxproj", "{81E3FEA2-4684-4104-B3F7-740FD622BBFA}"
EndProject
Project("{8BC9CEB8-8B4A-11D0-8D11-00A0C91BC942}") = "189_Rotate_Array", "189_Rotate_Array\189_Rotate_Array.vcxproj", "{C5D1B7AF-0162-41D6-89EE-69BEE1352FB5}"
EndProject
Project("{8BC9CEB8-8B4A-11D0-8D11-00A0C91BC942}") = "151_Reverse_Words_In_A_String", "151_Reverse_Words_In_A_String\151_Reverse_Words_In_A_String.vcxproj", "{098347EF-D621-488E-9B73-C79F84873404}"
EndProject
Project("{8BC9CEB8-8B4A-11D0-8D11-00A0C91BC942}") = "coding_interview_64_Accumulate", "coding_interview_64_Accumulate\coding_interview_64_Accumulate.vcxproj", "{9FE11034-EE7E-4C08-B578-C49D7A944E70}"
EndProject
Project("{8BC9CEB8-8B4A-11D0-8D11-00A0C91BC942}") = "coding_interview_65_Add", "coding_interview_65_Add\coding_interview_65_Add.vcxproj", "{6E8D9F43-5338-42C0-B6C3-3E4BBF8AE562}"
EndProject
Project("{8BC9CEB8-8B4A-11D0-8D11-00A0C91BC942}") = "coding_interview_66_ConstructArray", "coding_interview_66_ConstructArray\coding_interview_66_ConstructArray.vcxproj", "{DEA9048D-AEF0-4A1C-9F2E-F28D1EAFDAC1}"
EndProject
Project("{8BC9CEB8-8B4A-11D0-8D11-00A0C91BC942}") = "064_Minimum_Path_Sum", "64_Minimum_Path_Sum\64_Minimum_Path_Sum.vcxproj", "{EE93D9D0-C519-4873-9604-7319C486A3A4}"
EndProject
Project("{8BC9CEB8-8B4A-11D0-8D11-00A0C91BC942}") = "337_House_Robber_III", "337_House_Robber_III\337_House_Robber_III.vcxproj", "{6B47A98C-7900-4192-9701-42A09F9CA9FF}"
EndProject
Project("{8BC9CEB8-8B4A-11D0-8D11-00A0C91BC942}") = "005_Longest_Palindromic_Substring", "5_Longest_Palindromic_Substring\5_Longest_Palindromic_Substring.vcxproj", "{2352618F-5F47-4CEA-BB5C-D27AAA8206D7}"
EndProject
Project("{8BC9CEB8-8B4A-11D0-8D11-00A0C91BC942}") = "322_Coin_Change", "322_Coin_Change\322_Coin_Change.vcxproj", "{633B2739-146D-4B16-816B-C56E2FA0A780}"
EndProject
Project("{8BC9CEB8-8B4A-11D0-8D11-00A0C91BC942}") = "070_Climbing_Stairs", "70_Climbing_Stairs\70_Climbing_Stairs.vcxproj", "{FFE15005-29BB-44B7-8744-DE8F2AB94CC6}"
EndProject
Project("{8BC9CEB8-8B4A-11D0-8D11-00A0C91BC942}") = "300_Longest_Increasing_Subsequence", "300_Longest_Increasing_Subsequence\300_Longest_Increasing_Subsequence.vcxproj", "{A709F7B7-0D3B-4FDA-9770-C6679C8B4933}"
EndProject
Project("{8BC9CEB8-8B4A-11D0-8D11-00A0C91BC942}") = "198_House_Robber", "198_House_Robber\198_House_Robber.vcxproj", "{2292339A-B4B9-4FE8-A660-D6601435D161}"
EndProject
Project("{8BC9CEB8-8B4A-11D0-8D11-00A0C91BC942}") = "139_Word_Break", "139_Word_Break\139_Word_Break.vcxproj", "{3C09FF1E-7111-4E49-ADBF-280F0E72178C}"
EndProject
Project("{8BC9CEB8-8B4A-11D0-8D11-00A0C91BC942}") = "152_Maximum_Product_Subarray", "152_Maximum_Product_Subarray\152_Maximum_Product_Subarray.vcxproj", "{D18852D9-88CE-4569-B84C-10074BE4A5AA}"
EndProject
Project("{8BC9CEB8-8B4A-11D0-8D11-00A0C91BC942}") = "279_Perfect_Squares", "279_Perfect_Squares\279_Perfect_Squares.vcxproj", "{F2CD37A2-5857-47DE-B696-54D825C9582B}"
EndProject
Project("{8BC9CEB8-8B4A-11D0-8D11-00A0C91BC942}") = "221_Maximal_Square", "221_Maximal_Square\221_Maximal_Square.vcxproj", "{550E3657-E120-4CA2-AD1A-F4A3D619DC5E}"
EndProject
Project("{8BC9CEB8-8B4A-11D0-8D11-00A0C91BC942}") = "309_Best_Time_To_Buy_And_Sell_Stock_With_Cooldown", "309_Best_Time_To_Buy_And_Sell_Stock_With_Cooldown\309_Best_Time_To_Buy_And_Sell_Stock_With_Cooldown.vcxproj", "{EF17781F-3F7C-44EC-9D7D-974571971FDB}"
EndProject
Project("{8BC9CEB8-8B4A-11D0-8D11-00A0C91BC942}") = "188_Best_Time_To_Buy_And_Sell_Stock_IV", "188_Best_Time_To_Buy_And_Sell_Stock_IV\188_Best_Time_To_Buy_And_Sell_Stock_IV.vcxproj", "{C50F39B3-B10F-4C7E-B01D-55586C7DB9D5}"
EndProject
Project("{8BC9CEB8-8B4A-11D0-8D11-00A0C91BC942}") = "122_Best_Time_To_Buy_And_Sell_Stock_II", "122_Best_Time_To_Buy_And_Sell_Stock_II\122_Best_Time_To_Buy_And_Sell_Stock_II.vcxproj", "{762C506D-5DA5-4B8D-85BE-8ED3817D5024}"
EndProject
Project("{8BC9CEB8-8B4A-11D0-8D11-00A0C91BC942}") = "coding_interview_01_AssignmentOperator", "coding_interview_01_AssignmentOperator\coding_interview_01_AssignmentOperator.vcxproj", "{212524C7-0378-4C64-B680-E800E06F3A93}"
EndProject
Project("{8BC9CEB8-8B4A-11D0-8D11-00A0C91BC942}") = "coding_interview_03_01_FindDuplicates", "coding_interview_03_01_FindDuplicates\coding_interview_03_01_FindDuplicates.vcxproj", "{44746CFB-CE7C-4451-85C7-C6AC0597E9B0}"
EndProject
Project("{8BC9CEB8-8B4A-11D0-8D11-00A0C91BC942}") = "268_Missing_Number", "268_Missing_Number\268_Missing_Number.vcxproj", "{2F1ED410-9260-4E07-8398-F5B05B8C6C09}"
EndProject
Project("{8BC9CEB8-8B4A-11D0-8D11-00A0C91BC942}") = "1254_Number_Of_Closed_Islands", "1254_Number_Of_Closed_Islands\1254_Number_Of_Closed_Islands.vcxproj", "{C56BB6B9-337B-489B-8E5E-2D0EFEE875F1}"
EndProject
Project("{8BC9CEB8-8B4A-11D0-8D11-00A0C91BC942}") = "208_Implement_Trie_Prefix_Tree", "208_Implement_Trie_Prefix_Tree\208_Implement_Trie_Prefix_Tree.vcxproj", "{DE2E44EA-E9FF-4E42-BE27-366F7C388A41}"
EndProject
Project("{8BC9CEB8-8B4A-11D0-8D11-00A0C91BC942}") = "coding_interview_13_RobotMove", "coding_interview_13_RobotMove\coding_interview_13_RobotMove.vcxproj", "{22397C23-BE4B-4678-A571-FDBB86B9C137}"
EndProject
Project("{8BC9CEB8-8B4A-11D0-8D11-00A0C91BC942}") = "coding_interview_17_Print1ToMaxOfNDigits", "coding_interview_17_Print1ToMaxOfNDigits\coding_interview_17_Print1ToMaxOfNDigits.vcxproj", "{BA60C52A-E9DF-4F64-B961-240A3267FF7E}"
EndProject
Project("{8BC9CEB8-8B4A-11D0-8D11-00A0C91BC942}") = "617_Merge_Two_Binary_Trees", "617_Merge_Two_Binary_Trees\617_Merge_Two_Binary_Trees.vcxproj", "{C5BF7E2E-F628-4A72-96CD-55814AF71251}"
EndProject
Project("{8BC9CEB8-8B4A-11D0-8D11-00A0C91BC942}") = "461_Hamming_Distance", "461_Hamming_Distance\461_Hamming_Distance.vcxproj", "{470301E5-B5C1-440A-8EE7-D8AAAD0C0D29}"
EndProject
Project("{8BC9CEB8-8B4A-11D0-8D11-00A0C91BC942}") = "647_Palindromic_Substrings", "647_Palindromic_Substrings\647_Palindromic_Substrings.vcxproj", "{38931073-CF8F-4498-A135-FC4DF972721F}"
EndProject
Project("{8BC9CEB8-8B4A-11D0-8D11-00A0C91BC942}") = "437_Path_Sum_III", "437_Path_Sum_III\437_Path_Sum_III.vcxproj", "{4CC39F53-518D-43A8-99E1-F9105067A375}"
EndProject
Project("{8BC9CEB8-8B4A-11D0-8D11-00A0C91BC942}") = "110_Balanced_Binary_Tree", "110_Balanced_Binary_Tree\110_Balanced_Binary_Tree.vcxproj", "{CC1FDB30-1373-47F5-9247-0EEB69A3E9FC}"
EndProject
Project("{8BC9CEB8-8B4A-11D0-8D11-00A0C91BC942}") = "002_Add_Two_Numbers", "002_Add_Two_Numbers\002_Add_Two_Numbers.vcxproj", "{0222E4C8-9505-4992-BB2D-FD4A7D352C21}"
EndProject
Project("{8BC9CEB8-8B4A-11D0-8D11-00A0C91BC942}") = "028_Implement_Strstr", "028_Implement_Strstr\028_Implement_Strstr.vcxproj", "{163793D6-481C-406D-B67A-75D207B9545F}"
EndProject
Project("{8BC9CEB8-8B4A-11D0-8D11-00A0C91BC942}") = "348_Design_Tic_Tac_Toe", "348_Design_Tic_Tac_Toe\348_Design_Tic_Tac_Toe.vcxproj", "{23263271-59BE-46D1-9387-269DBC5AB09E}"
EndProject
Project("{8BC9CEB8-8B4A-11D0-8D11-00A0C91BC942}") = "543_Diameter_Of_Binary_Tree", "543_Diameter_Of_Binary_Tree\543_Diameter_Of_Binary_Tree.vcxproj", "{4F687173-5E2D-4884-95BD-9FB39A25CC28}"
EndProject
Project("{8BC9CEB8-8B4A-11D0-8D11-00A0C91BC942}") = "001_Two_Sum", "001_Two_Sum\1_Two_Sum.vcxproj", "{8A49B41E-792A-41A1-8893-ACE25D62CA01}"
EndProject
Global
	GlobalSection(SolutionConfigurationPlatforms) = preSolution
		Debug|x64 = Debug|x64
		Debug|x86 = Debug|x86
		Release|x64 = Release|x64
		Release|x86 = Release|x86
	EndGlobalSection
	GlobalSection(ProjectConfigurationPlatforms) = postSolution
		{7E81BD87-6DB4-4787-A450-63639EDBA81D}.Debug|x64.ActiveCfg = Debug|x64
		{7E81BD87-6DB4-4787-A450-63639EDBA81D}.Debug|x64.Build.0 = Debug|x64
		{7E81BD87-6DB4-4787-A450-63639EDBA81D}.Debug|x86.ActiveCfg = Debug|Win32
		{7E81BD87-6DB4-4787-A450-63639EDBA81D}.Debug|x86.Build.0 = Debug|Win32
		{7E81BD87-6DB4-4787-A450-63639EDBA81D}.Release|x64.ActiveCfg = Release|x64
		{7E81BD87-6DB4-4787-A450-63639EDBA81D}.Release|x64.Build.0 = Release|x64
		{7E81BD87-6DB4-4787-A450-63639EDBA81D}.Release|x86.ActiveCfg = Release|Win32
		{7E81BD87-6DB4-4787-A450-63639EDBA81D}.Release|x86.Build.0 = Release|Win32
		{88BEA9D3-2E02-4B2A-89C8-BFD532250F50}.Debug|x64.ActiveCfg = Debug|x64
		{88BEA9D3-2E02-4B2A-89C8-BFD532250F50}.Debug|x64.Build.0 = Debug|x64
		{88BEA9D3-2E02-4B2A-89C8-BFD532250F50}.Debug|x86.ActiveCfg = Debug|Win32
		{88BEA9D3-2E02-4B2A-89C8-BFD532250F50}.Debug|x86.Build.0 = Debug|Win32
		{88BEA9D3-2E02-4B2A-89C8-BFD532250F50}.Release|x64.ActiveCfg = Release|x64
		{88BEA9D3-2E02-4B2A-89C8-BFD532250F50}.Release|x64.Build.0 = Release|x64
		{88BEA9D3-2E02-4B2A-89C8-BFD532250F50}.Release|x86.ActiveCfg = Release|Win32
		{88BEA9D3-2E02-4B2A-89C8-BFD532250F50}.Release|x86.Build.0 = Release|Win32
		{8271297F-D9B9-4338-BC34-ED40305C3520}.Debug|x64.ActiveCfg = Debug|x64
		{8271297F-D9B9-4338-BC34-ED40305C3520}.Debug|x64.Build.0 = Debug|x64
		{8271297F-D9B9-4338-BC34-ED40305C3520}.Debug|x86.ActiveCfg = Debug|Win32
		{8271297F-D9B9-4338-BC34-ED40305C3520}.Debug|x86.Build.0 = Debug|Win32
		{8271297F-D9B9-4338-BC34-ED40305C3520}.Release|x64.ActiveCfg = Release|x64
		{8271297F-D9B9-4338-BC34-ED40305C3520}.Release|x64.Build.0 = Release|x64
		{8271297F-D9B9-4338-BC34-ED40305C3520}.Release|x86.ActiveCfg = Release|Win32
		{8271297F-D9B9-4338-BC34-ED40305C3520}.Release|x86.Build.0 = Release|Win32
		{0061F014-C1B9-4FD4-AB4D-AB690F09BEEF}.Debug|x64.ActiveCfg = Debug|x64
		{0061F014-C1B9-4FD4-AB4D-AB690F09BEEF}.Debug|x64.Build.0 = Debug|x64
		{0061F014-C1B9-4FD4-AB4D-AB690F09BEEF}.Debug|x86.ActiveCfg = Debug|Win32
		{0061F014-C1B9-4FD4-AB4D-AB690F09BEEF}.Debug|x86.Build.0 = Debug|Win32
		{0061F014-C1B9-4FD4-AB4D-AB690F09BEEF}.Release|x64.ActiveCfg = Release|x64
		{0061F014-C1B9-4FD4-AB4D-AB690F09BEEF}.Release|x64.Build.0 = Release|x64
		{0061F014-C1B9-4FD4-AB4D-AB690F09BEEF}.Release|x86.ActiveCfg = Release|Win32
		{0061F014-C1B9-4FD4-AB4D-AB690F09BEEF}.Release|x86.Build.0 = Release|Win32
		{3354B960-F0CE-4BB4-BB88-FA17FAE58749}.Debug|x64.ActiveCfg = Debug|x64
		{3354B960-F0CE-4BB4-BB88-FA17FAE58749}.Debug|x64.Build.0 = Debug|x64
		{3354B960-F0CE-4BB4-BB88-FA17FAE58749}.Debug|x86.ActiveCfg = Debug|Win32
		{3354B960-F0CE-4BB4-BB88-FA17FAE58749}.Debug|x86.Build.0 = Debug|Win32
		{3354B960-F0CE-4BB4-BB88-FA17FAE58749}.Release|x64.ActiveCfg = Release|x64
		{3354B960-F0CE-4BB4-BB88-FA17FAE58749}.Release|x64.Build.0 = Release|x64
		{3354B960-F0CE-4BB4-BB88-FA17FAE58749}.Release|x86.ActiveCfg = Release|Win32
		{3354B960-F0CE-4BB4-BB88-FA17FAE58749}.Release|x86.Build.0 = Release|Win32
		{7C678652-8CEC-4248-8DF3-C60088A6EF50}.Debug|x64.ActiveCfg = Debug|x64
		{7C678652-8CEC-4248-8DF3-C60088A6EF50}.Debug|x64.Build.0 = Debug|x64
		{7C678652-8CEC-4248-8DF3-C60088A6EF50}.Debug|x86.ActiveCfg = Debug|Win32
		{7C678652-8CEC-4248-8DF3-C60088A6EF50}.Debug|x86.Build.0 = Debug|Win32
		{7C678652-8CEC-4248-8DF3-C60088A6EF50}.Release|x64.ActiveCfg = Release|x64
		{7C678652-8CEC-4248-8DF3-C60088A6EF50}.Release|x64.Build.0 = Release|x64
		{7C678652-8CEC-4248-8DF3-C60088A6EF50}.Release|x86.ActiveCfg = Release|Win32
		{7C678652-8CEC-4248-8DF3-C60088A6EF50}.Release|x86.Build.0 = Release|Win32
		{20F69A28-13AE-4A77-8340-06A7EB495EAF}.Debug|x64.ActiveCfg = Debug|x64
		{20F69A28-13AE-4A77-8340-06A7EB495EAF}.Debug|x64.Build.0 = Debug|x64
		{20F69A28-13AE-4A77-8340-06A7EB495EAF}.Debug|x86.ActiveCfg = Debug|Win32
		{20F69A28-13AE-4A77-8340-06A7EB495EAF}.Debug|x86.Build.0 = Debug|Win32
		{20F69A28-13AE-4A77-8340-06A7EB495EAF}.Release|x64.ActiveCfg = Release|x64
		{20F69A28-13AE-4A77-8340-06A7EB495EAF}.Release|x64.Build.0 = Release|x64
		{20F69A28-13AE-4A77-8340-06A7EB495EAF}.Release|x86.ActiveCfg = Release|Win32
		{20F69A28-13AE-4A77-8340-06A7EB495EAF}.Release|x86.Build.0 = Release|Win32
		{D48B9EF3-98A5-4EF3-9FF0-D163A282C1BD}.Debug|x64.ActiveCfg = Debug|x64
		{D48B9EF3-98A5-4EF3-9FF0-D163A282C1BD}.Debug|x64.Build.0 = Debug|x64
		{D48B9EF3-98A5-4EF3-9FF0-D163A282C1BD}.Debug|x86.ActiveCfg = Debug|Win32
		{D48B9EF3-98A5-4EF3-9FF0-D163A282C1BD}.Debug|x86.Build.0 = Debug|Win32
		{D48B9EF3-98A5-4EF3-9FF0-D163A282C1BD}.Release|x64.ActiveCfg = Release|x64
		{D48B9EF3-98A5-4EF3-9FF0-D163A282C1BD}.Release|x64.Build.0 = Release|x64
		{D48B9EF3-98A5-4EF3-9FF0-D163A282C1BD}.Release|x86.ActiveCfg = Release|Win32
		{D48B9EF3-98A5-4EF3-9FF0-D163A282C1BD}.Release|x86.Build.0 = Release|Win32
		{C45491DC-F5AE-4F11-969B-AA9EAAC8AA47}.Debug|x64.ActiveCfg = Debug|x64
		{C45491DC-F5AE-4F11-969B-AA9EAAC8AA47}.Debug|x64.Build.0 = Debug|x64
		{C45491DC-F5AE-4F11-969B-AA9EAAC8AA47}.Debug|x86.ActiveCfg = Debug|Win32
		{C45491DC-F5AE-4F11-969B-AA9EAAC8AA47}.Debug|x86.Build.0 = Debug|Win32
		{C45491DC-F5AE-4F11-969B-AA9EAAC8AA47}.Release|x64.ActiveCfg = Release|x64
		{C45491DC-F5AE-4F11-969B-AA9EAAC8AA47}.Release|x64.Build.0 = Release|x64
		{C45491DC-F5AE-4F11-969B-AA9EAAC8AA47}.Release|x86.ActiveCfg = Release|Win32
		{C45491DC-F5AE-4F11-969B-AA9EAAC8AA47}.Release|x86.Build.0 = Release|Win32
		{D634A083-C204-495D-8EA2-DAF3738C9595}.Debug|x64.ActiveCfg = Debug|x64
		{D634A083-C204-495D-8EA2-DAF3738C9595}.Debug|x64.Build.0 = Debug|x64
		{D634A083-C204-495D-8EA2-DAF3738C9595}.Debug|x86.ActiveCfg = Debug|Win32
		{D634A083-C204-495D-8EA2-DAF3738C9595}.Debug|x86.Build.0 = Debug|Win32
		{D634A083-C204-495D-8EA2-DAF3738C9595}.Release|x64.ActiveCfg = Release|x64
		{D634A083-C204-495D-8EA2-DAF3738C9595}.Release|x64.Build.0 = Release|x64
		{D634A083-C204-495D-8EA2-DAF3738C9595}.Release|x86.ActiveCfg = Release|Win32
		{D634A083-C204-495D-8EA2-DAF3738C9595}.Release|x86.Build.0 = Release|Win32
		{8C8A6DEE-42F4-44F5-97F3-48A5B5FF8EFF}.Debug|x64.ActiveCfg = Debug|x64
		{8C8A6DEE-42F4-44F5-97F3-48A5B5FF8EFF}.Debug|x64.Build.0 = Debug|x64
		{8C8A6DEE-42F4-44F5-97F3-48A5B5FF8EFF}.Debug|x86.ActiveCfg = Debug|Win32
		{8C8A6DEE-42F4-44F5-97F3-48A5B5FF8EFF}.Debug|x86.Build.0 = Debug|Win32
		{8C8A6DEE-42F4-44F5-97F3-48A5B5FF8EFF}.Release|x64.ActiveCfg = Release|x64
		{8C8A6DEE-42F4-44F5-97F3-48A5B5FF8EFF}.Release|x64.Build.0 = Release|x64
		{8C8A6DEE-42F4-44F5-97F3-48A5B5FF8EFF}.Release|x86.ActiveCfg = Release|Win32
		{8C8A6DEE-42F4-44F5-97F3-48A5B5FF8EFF}.Release|x86.Build.0 = Release|Win32
		{3BEFC82F-FB4E-45E9-8D53-42F89BF81272}.Debug|x64.ActiveCfg = Debug|x64
		{3BEFC82F-FB4E-45E9-8D53-42F89BF81272}.Debug|x64.Build.0 = Debug|x64
		{3BEFC82F-FB4E-45E9-8D53-42F89BF81272}.Debug|x86.ActiveCfg = Debug|Win32
		{3BEFC82F-FB4E-45E9-8D53-42F89BF81272}.Debug|x86.Build.0 = Debug|Win32
		{3BEFC82F-FB4E-45E9-8D53-42F89BF81272}.Release|x64.ActiveCfg = Release|x64
		{3BEFC82F-FB4E-45E9-8D53-42F89BF81272}.Release|x64.Build.0 = Release|x64
		{3BEFC82F-FB4E-45E9-8D53-42F89BF81272}.Release|x86.ActiveCfg = Release|Win32
		{3BEFC82F-FB4E-45E9-8D53-42F89BF81272}.Release|x86.Build.0 = Release|Win32
		{212107B3-7A53-41BF-B90E-7C6478CDD324}.Debug|x64.ActiveCfg = Debug|x64
		{212107B3-7A53-41BF-B90E-7C6478CDD324}.Debug|x64.Build.0 = Debug|x64
		{212107B3-7A53-41BF-B90E-7C6478CDD324}.Debug|x86.ActiveCfg = Debug|Win32
		{212107B3-7A53-41BF-B90E-7C6478CDD324}.Debug|x86.Build.0 = Debug|Win32
		{212107B3-7A53-41BF-B90E-7C6478CDD324}.Release|x64.ActiveCfg = Release|x64
		{212107B3-7A53-41BF-B90E-7C6478CDD324}.Release|x64.Build.0 = Release|x64
		{212107B3-7A53-41BF-B90E-7C6478CDD324}.Release|x86.ActiveCfg = Release|Win32
		{212107B3-7A53-41BF-B90E-7C6478CDD324}.Release|x86.Build.0 = Release|Win32
		{D89E5308-0649-49B3-8539-FF461C421D45}.Debug|x64.ActiveCfg = Debug|x64
		{D89E5308-0649-49B3-8539-FF461C421D45}.Debug|x64.Build.0 = Debug|x64
		{D89E5308-0649-49B3-8539-FF461C421D45}.Debug|x86.ActiveCfg = Debug|Win32
		{D89E5308-0649-49B3-8539-FF461C421D45}.Debug|x86.Build.0 = Debug|Win32
		{D89E5308-0649-49B3-8539-FF461C421D45}.Release|x64.ActiveCfg = Release|x64
		{D89E5308-0649-49B3-8539-FF461C421D45}.Release|x64.Build.0 = Release|x64
		{D89E5308-0649-49B3-8539-FF461C421D45}.Release|x86.ActiveCfg = Release|Win32
		{D89E5308-0649-49B3-8539-FF461C421D45}.Release|x86.Build.0 = Release|Win32
		{F70BB7A9-C95C-462D-BD07-165F9C7D24BD}.Debug|x64.ActiveCfg = Debug|x64
		{F70BB7A9-C95C-462D-BD07-165F9C7D24BD}.Debug|x64.Build.0 = Debug|x64
		{F70BB7A9-C95C-462D-BD07-165F9C7D24BD}.Debug|x86.ActiveCfg = Debug|Win32
		{F70BB7A9-C95C-462D-BD07-165F9C7D24BD}.Debug|x86.Build.0 = Debug|Win32
		{F70BB7A9-C95C-462D-BD07-165F9C7D24BD}.Release|x64.ActiveCfg = Release|x64
		{F70BB7A9-C95C-462D-BD07-165F9C7D24BD}.Release|x64.Build.0 = Release|x64
		{F70BB7A9-C95C-462D-BD07-165F9C7D24BD}.Release|x86.ActiveCfg = Release|Win32
		{F70BB7A9-C95C-462D-BD07-165F9C7D24BD}.Release|x86.Build.0 = Release|Win32
		{8D64C9ED-2785-4EA8-94B6-549192A9E769}.Debug|x64.ActiveCfg = Debug|x64
		{8D64C9ED-2785-4EA8-94B6-549192A9E769}.Debug|x64.Build.0 = Debug|x64
		{8D64C9ED-2785-4EA8-94B6-549192A9E769}.Debug|x86.ActiveCfg = Debug|Win32
		{8D64C9ED-2785-4EA8-94B6-549192A9E769}.Debug|x86.Build.0 = Debug|Win32
		{8D64C9ED-2785-4EA8-94B6-549192A9E769}.Release|x64.ActiveCfg = Release|x64
		{8D64C9ED-2785-4EA8-94B6-549192A9E769}.Release|x64.Build.0 = Release|x64
		{8D64C9ED-2785-4EA8-94B6-549192A9E769}.Release|x86.ActiveCfg = Release|Win32
		{8D64C9ED-2785-4EA8-94B6-549192A9E769}.Release|x86.Build.0 = Release|Win32
		{91824CAC-4A05-4D96-909C-38DC67A90FDB}.Debug|x64.ActiveCfg = Debug|x64
		{91824CAC-4A05-4D96-909C-38DC67A90FDB}.Debug|x64.Build.0 = Debug|x64
		{91824CAC-4A05-4D96-909C-38DC67A90FDB}.Debug|x86.ActiveCfg = Debug|Win32
		{91824CAC-4A05-4D96-909C-38DC67A90FDB}.Debug|x86.Build.0 = Debug|Win32
		{91824CAC-4A05-4D96-909C-38DC67A90FDB}.Release|x64.ActiveCfg = Release|x64
		{91824CAC-4A05-4D96-909C-38DC67A90FDB}.Release|x64.Build.0 = Release|x64
		{91824CAC-4A05-4D96-909C-38DC67A90FDB}.Release|x86.ActiveCfg = Release|Win32
		{91824CAC-4A05-4D96-909C-38DC67A90FDB}.Release|x86.Build.0 = Release|Win32
		{46E3636E-207C-4195-AF7B-10ED4CB67A05}.Debug|x64.ActiveCfg = Debug|x64
		{46E3636E-207C-4195-AF7B-10ED4CB67A05}.Debug|x64.Build.0 = Debug|x64
		{46E3636E-207C-4195-AF7B-10ED4CB67A05}.Debug|x86.ActiveCfg = Debug|Win32
		{46E3636E-207C-4195-AF7B-10ED4CB67A05}.Debug|x86.Build.0 = Debug|Win32
		{46E3636E-207C-4195-AF7B-10ED4CB67A05}.Release|x64.ActiveCfg = Release|x64
		{46E3636E-207C-4195-AF7B-10ED4CB67A05}.Release|x64.Build.0 = Release|x64
		{46E3636E-207C-4195-AF7B-10ED4CB67A05}.Release|x86.ActiveCfg = Release|Win32
		{46E3636E-207C-4195-AF7B-10ED4CB67A05}.Release|x86.Build.0 = Release|Win32
		{69F70DF6-5F12-414E-953F-C2DE969EAF30}.Debug|x64.ActiveCfg = Debug|x64
		{69F70DF6-5F12-414E-953F-C2DE969EAF30}.Debug|x64.Build.0 = Debug|x64
		{69F70DF6-5F12-414E-953F-C2DE969EAF30}.Debug|x86.ActiveCfg = Debug|Win32
		{69F70DF6-5F12-414E-953F-C2DE969EAF30}.Debug|x86.Build.0 = Debug|Win32
		{69F70DF6-5F12-414E-953F-C2DE969EAF30}.Release|x64.ActiveCfg = Release|x64
		{69F70DF6-5F12-414E-953F-C2DE969EAF30}.Release|x64.Build.0 = Release|x64
		{69F70DF6-5F12-414E-953F-C2DE969EAF30}.Release|x86.ActiveCfg = Release|Win32
		{69F70DF6-5F12-414E-953F-C2DE969EAF30}.Release|x86.Build.0 = Release|Win32
		{B6E91DFC-347D-47DF-A93E-7F0AFB1F20EB}.Debug|x64.ActiveCfg = Debug|x64
		{B6E91DFC-347D-47DF-A93E-7F0AFB1F20EB}.Debug|x64.Build.0 = Debug|x64
		{B6E91DFC-347D-47DF-A93E-7F0AFB1F20EB}.Debug|x86.ActiveCfg = Debug|Win32
		{B6E91DFC-347D-47DF-A93E-7F0AFB1F20EB}.Debug|x86.Build.0 = Debug|Win32
		{B6E91DFC-347D-47DF-A93E-7F0AFB1F20EB}.Release|x64.ActiveCfg = Release|x64
		{B6E91DFC-347D-47DF-A93E-7F0AFB1F20EB}.Release|x64.Build.0 = Release|x64
		{B6E91DFC-347D-47DF-A93E-7F0AFB1F20EB}.Release|x86.ActiveCfg = Release|Win32
		{B6E91DFC-347D-47DF-A93E-7F0AFB1F20EB}.Release|x86.Build.0 = Release|Win32
		{268269C1-501C-4D15-B474-5ED9FE905D23}.Debug|x64.ActiveCfg = Debug|x64
		{268269C1-501C-4D15-B474-5ED9FE905D23}.Debug|x64.Build.0 = Debug|x64
		{268269C1-501C-4D15-B474-5ED9FE905D23}.Debug|x86.ActiveCfg = Debug|Win32
		{268269C1-501C-4D15-B474-5ED9FE905D23}.Debug|x86.Build.0 = Debug|Win32
		{268269C1-501C-4D15-B474-5ED9FE905D23}.Release|x64.ActiveCfg = Release|x64
		{268269C1-501C-4D15-B474-5ED9FE905D23}.Release|x64.Build.0 = Release|x64
		{268269C1-501C-4D15-B474-5ED9FE905D23}.Release|x86.ActiveCfg = Release|Win32
		{268269C1-501C-4D15-B474-5ED9FE905D23}.Release|x86.Build.0 = Release|Win32
		{988BC100-7480-417E-B6B9-AF76CFC060D7}.Debug|x64.ActiveCfg = Debug|x64
		{988BC100-7480-417E-B6B9-AF76CFC060D7}.Debug|x64.Build.0 = Debug|x64
		{988BC100-7480-417E-B6B9-AF76CFC060D7}.Debug|x86.ActiveCfg = Debug|Win32
		{988BC100-7480-417E-B6B9-AF76CFC060D7}.Debug|x86.Build.0 = Debug|Win32
		{988BC100-7480-417E-B6B9-AF76CFC060D7}.Release|x64.ActiveCfg = Release|x64
		{988BC100-7480-417E-B6B9-AF76CFC060D7}.Release|x64.Build.0 = Release|x64
		{988BC100-7480-417E-B6B9-AF76CFC060D7}.Release|x86.ActiveCfg = Release|Win32
		{988BC100-7480-417E-B6B9-AF76CFC060D7}.Release|x86.Build.0 = Release|Win32
		{54815410-4E96-482C-9A8D-508B828A5F1D}.Debug|x64.ActiveCfg = Debug|x64
		{54815410-4E96-482C-9A8D-508B828A5F1D}.Debug|x64.Build.0 = Debug|x64
		{54815410-4E96-482C-9A8D-508B828A5F1D}.Debug|x86.ActiveCfg = Debug|Win32
		{54815410-4E96-482C-9A8D-508B828A5F1D}.Debug|x86.Build.0 = Debug|Win32
		{54815410-4E96-482C-9A8D-508B828A5F1D}.Release|x64.ActiveCfg = Release|x64
		{54815410-4E96-482C-9A8D-508B828A5F1D}.Release|x64.Build.0 = Release|x64
		{54815410-4E96-482C-9A8D-508B828A5F1D}.Release|x86.ActiveCfg = Release|Win32
		{54815410-4E96-482C-9A8D-508B828A5F1D}.Release|x86.Build.0 = Release|Win32
		{499AF3DA-D0C7-4CC7-BD04-A9FD382C3A64}.Debug|x64.ActiveCfg = Debug|x64
		{499AF3DA-D0C7-4CC7-BD04-A9FD382C3A64}.Debug|x64.Build.0 = Debug|x64
		{499AF3DA-D0C7-4CC7-BD04-A9FD382C3A64}.Debug|x86.ActiveCfg = Debug|Win32
		{499AF3DA-D0C7-4CC7-BD04-A9FD382C3A64}.Debug|x86.Build.0 = Debug|Win32
		{499AF3DA-D0C7-4CC7-BD04-A9FD382C3A64}.Release|x64.ActiveCfg = Release|x64
		{499AF3DA-D0C7-4CC7-BD04-A9FD382C3A64}.Release|x64.Build.0 = Release|x64
		{499AF3DA-D0C7-4CC7-BD04-A9FD382C3A64}.Release|x86.ActiveCfg = Release|Win32
		{499AF3DA-D0C7-4CC7-BD04-A9FD382C3A64}.Release|x86.Build.0 = Release|Win32
		{FD6BE960-90EC-4DE5-82CF-1D80EF36CCAF}.Debug|x64.ActiveCfg = Debug|x64
		{FD6BE960-90EC-4DE5-82CF-1D80EF36CCAF}.Debug|x64.Build.0 = Debug|x64
		{FD6BE960-90EC-4DE5-82CF-1D80EF36CCAF}.Debug|x86.ActiveCfg = Debug|Win32
		{FD6BE960-90EC-4DE5-82CF-1D80EF36CCAF}.Debug|x86.Build.0 = Debug|Win32
		{FD6BE960-90EC-4DE5-82CF-1D80EF36CCAF}.Release|x64.ActiveCfg = Release|x64
		{FD6BE960-90EC-4DE5-82CF-1D80EF36CCAF}.Release|x64.Build.0 = Release|x64
		{FD6BE960-90EC-4DE5-82CF-1D80EF36CCAF}.Release|x86.ActiveCfg = Release|Win32
		{FD6BE960-90EC-4DE5-82CF-1D80EF36CCAF}.Release|x86.Build.0 = Release|Win32
		{A0AC89DC-1151-4BED-AA7B-848A2BA21CF0}.Debug|x64.ActiveCfg = Debug|x64
		{A0AC89DC-1151-4BED-AA7B-848A2BA21CF0}.Debug|x64.Build.0 = Debug|x64
		{A0AC89DC-1151-4BED-AA7B-848A2BA21CF0}.Debug|x86.ActiveCfg = Debug|Win32
		{A0AC89DC-1151-4BED-AA7B-848A2BA21CF0}.Debug|x86.Build.0 = Debug|Win32
		{A0AC89DC-1151-4BED-AA7B-848A2BA21CF0}.Release|x64.ActiveCfg = Release|x64
		{A0AC89DC-1151-4BED-AA7B-848A2BA21CF0}.Release|x64.Build.0 = Release|x64
		{A0AC89DC-1151-4BED-AA7B-848A2BA21CF0}.Release|x86.ActiveCfg = Release|Win32
		{A0AC89DC-1151-4BED-AA7B-848A2BA21CF0}.Release|x86.Build.0 = Release|Win32
		{CFB995BB-4ED3-4903-89BA-E77C4E54E9B5}.Debug|x64.ActiveCfg = Debug|x64
		{CFB995BB-4ED3-4903-89BA-E77C4E54E9B5}.Debug|x64.Build.0 = Debug|x64
		{CFB995BB-4ED3-4903-89BA-E77C4E54E9B5}.Debug|x86.ActiveCfg = Debug|Win32
		{CFB995BB-4ED3-4903-89BA-E77C4E54E9B5}.Debug|x86.Build.0 = Debug|Win32
		{CFB995BB-4ED3-4903-89BA-E77C4E54E9B5}.Release|x64.ActiveCfg = Release|x64
		{CFB995BB-4ED3-4903-89BA-E77C4E54E9B5}.Release|x64.Build.0 = Release|x64
		{CFB995BB-4ED3-4903-89BA-E77C4E54E9B5}.Release|x86.ActiveCfg = Release|Win32
		{CFB995BB-4ED3-4903-89BA-E77C4E54E9B5}.Release|x86.Build.0 = Release|Win32
		{4859E7DC-A4E9-4C45-92AA-75E267AAF94C}.Debug|x64.ActiveCfg = Debug|x64
		{4859E7DC-A4E9-4C45-92AA-75E267AAF94C}.Debug|x64.Build.0 = Debug|x64
		{4859E7DC-A4E9-4C45-92AA-75E267AAF94C}.Debug|x86.ActiveCfg = Debug|Win32
		{4859E7DC-A4E9-4C45-92AA-75E267AAF94C}.Debug|x86.Build.0 = Debug|Win32
		{4859E7DC-A4E9-4C45-92AA-75E267AAF94C}.Release|x64.ActiveCfg = Release|x64
		{4859E7DC-A4E9-4C45-92AA-75E267AAF94C}.Release|x64.Build.0 = Release|x64
		{4859E7DC-A4E9-4C45-92AA-75E267AAF94C}.Release|x86.ActiveCfg = Release|Win32
		{4859E7DC-A4E9-4C45-92AA-75E267AAF94C}.Release|x86.Build.0 = Release|Win32
		{C7EC5610-E186-4DAB-8A58-BA509D47C47C}.Debug|x64.ActiveCfg = Debug|x64
		{C7EC5610-E186-4DAB-8A58-BA509D47C47C}.Debug|x64.Build.0 = Debug|x64
		{C7EC5610-E186-4DAB-8A58-BA509D47C47C}.Debug|x86.ActiveCfg = Debug|Win32
		{C7EC5610-E186-4DAB-8A58-BA509D47C47C}.Debug|x86.Build.0 = Debug|Win32
		{C7EC5610-E186-4DAB-8A58-BA509D47C47C}.Release|x64.ActiveCfg = Release|x64
		{C7EC5610-E186-4DAB-8A58-BA509D47C47C}.Release|x64.Build.0 = Release|x64
		{C7EC5610-E186-4DAB-8A58-BA509D47C47C}.Release|x86.ActiveCfg = Release|Win32
		{C7EC5610-E186-4DAB-8A58-BA509D47C47C}.Release|x86.Build.0 = Release|Win32
		{1F81D09D-8050-457F-9E74-08F4F68F64B5}.Debug|x64.ActiveCfg = Debug|x64
		{1F81D09D-8050-457F-9E74-08F4F68F64B5}.Debug|x64.Build.0 = Debug|x64
		{1F81D09D-8050-457F-9E74-08F4F68F64B5}.Debug|x86.ActiveCfg = Debug|Win32
		{1F81D09D-8050-457F-9E74-08F4F68F64B5}.Debug|x86.Build.0 = Debug|Win32
		{1F81D09D-8050-457F-9E74-08F4F68F64B5}.Release|x64.ActiveCfg = Release|x64
		{1F81D09D-8050-457F-9E74-08F4F68F64B5}.Release|x64.Build.0 = Release|x64
		{1F81D09D-8050-457F-9E74-08F4F68F64B5}.Release|x86.ActiveCfg = Release|Win32
		{1F81D09D-8050-457F-9E74-08F4F68F64B5}.Release|x86.Build.0 = Release|Win32
		{2EC7E743-27ED-4FAA-BCC8-43F08291FD2E}.Debug|x64.ActiveCfg = Debug|x64
		{2EC7E743-27ED-4FAA-BCC8-43F08291FD2E}.Debug|x64.Build.0 = Debug|x64
		{2EC7E743-27ED-4FAA-BCC8-43F08291FD2E}.Debug|x86.ActiveCfg = Debug|Win32
		{2EC7E743-27ED-4FAA-BCC8-43F08291FD2E}.Debug|x86.Build.0 = Debug|Win32
		{2EC7E743-27ED-4FAA-BCC8-43F08291FD2E}.Release|x64.ActiveCfg = Release|x64
		{2EC7E743-27ED-4FAA-BCC8-43F08291FD2E}.Release|x64.Build.0 = Release|x64
		{2EC7E743-27ED-4FAA-BCC8-43F08291FD2E}.Release|x86.ActiveCfg = Release|Win32
		{2EC7E743-27ED-4FAA-BCC8-43F08291FD2E}.Release|x86.Build.0 = Release|Win32
		{CB73A3ED-A8C1-49ED-B65D-0E5E3459AE84}.Debug|x64.ActiveCfg = Debug|x64
		{CB73A3ED-A8C1-49ED-B65D-0E5E3459AE84}.Debug|x64.Build.0 = Debug|x64
		{CB73A3ED-A8C1-49ED-B65D-0E5E3459AE84}.Debug|x86.ActiveCfg = Debug|Win32
		{CB73A3ED-A8C1-49ED-B65D-0E5E3459AE84}.Debug|x86.Build.0 = Debug|Win32
		{CB73A3ED-A8C1-49ED-B65D-0E5E3459AE84}.Release|x64.ActiveCfg = Release|x64
		{CB73A3ED-A8C1-49ED-B65D-0E5E3459AE84}.Release|x64.Build.0 = Release|x64
		{CB73A3ED-A8C1-49ED-B65D-0E5E3459AE84}.Release|x86.ActiveCfg = Release|Win32
		{CB73A3ED-A8C1-49ED-B65D-0E5E3459AE84}.Release|x86.Build.0 = Release|Win32
		{50DB585A-D2B2-4850-AEFA-43AB0A39567A}.Debug|x64.ActiveCfg = Debug|x64
		{50DB585A-D2B2-4850-AEFA-43AB0A39567A}.Debug|x64.Build.0 = Debug|x64
		{50DB585A-D2B2-4850-AEFA-43AB0A39567A}.Debug|x86.ActiveCfg = Debug|Win32
		{50DB585A-D2B2-4850-AEFA-43AB0A39567A}.Debug|x86.Build.0 = Debug|Win32
		{50DB585A-D2B2-4850-AEFA-43AB0A39567A}.Release|x64.ActiveCfg = Release|x64
		{50DB585A-D2B2-4850-AEFA-43AB0A39567A}.Release|x64.Build.0 = Release|x64
		{50DB585A-D2B2-4850-AEFA-43AB0A39567A}.Release|x86.ActiveCfg = Release|Win32
		{50DB585A-D2B2-4850-AEFA-43AB0A39567A}.Release|x86.Build.0 = Release|Win32
		{C417806E-82EE-4C2A-B289-668856BBDCAA}.Debug|x64.ActiveCfg = Debug|x64
		{C417806E-82EE-4C2A-B289-668856BBDCAA}.Debug|x64.Build.0 = Debug|x64
		{C417806E-82EE-4C2A-B289-668856BBDCAA}.Debug|x86.ActiveCfg = Debug|Win32
		{C417806E-82EE-4C2A-B289-668856BBDCAA}.Debug|x86.Build.0 = Debug|Win32
		{C417806E-82EE-4C2A-B289-668856BBDCAA}.Release|x64.ActiveCfg = Release|x64
		{C417806E-82EE-4C2A-B289-668856BBDCAA}.Release|x64.Build.0 = Release|x64
		{C417806E-82EE-4C2A-B289-668856BBDCAA}.Release|x86.ActiveCfg = Release|Win32
		{C417806E-82EE-4C2A-B289-668856BBDCAA}.Release|x86.Build.0 = Release|Win32
		{BC860E60-A538-4869-B091-64C75818C4D4}.Debug|x64.ActiveCfg = Debug|x64
		{BC860E60-A538-4869-B091-64C75818C4D4}.Debug|x64.Build.0 = Debug|x64
		{BC860E60-A538-4869-B091-64C75818C4D4}.Debug|x86.ActiveCfg = Debug|Win32
		{BC860E60-A538-4869-B091-64C75818C4D4}.Debug|x86.Build.0 = Debug|Win32
		{BC860E60-A538-4869-B091-64C75818C4D4}.Release|x64.ActiveCfg = Release|x64
		{BC860E60-A538-4869-B091-64C75818C4D4}.Release|x64.Build.0 = Release|x64
		{BC860E60-A538-4869-B091-64C75818C4D4}.Release|x86.ActiveCfg = Release|Win32
		{BC860E60-A538-4869-B091-64C75818C4D4}.Release|x86.Build.0 = Release|Win32
		{CDB56F6D-CAF0-49ED-A276-8663723D34D4}.Debug|x64.ActiveCfg = Debug|x64
		{CDB56F6D-CAF0-49ED-A276-8663723D34D4}.Debug|x64.Build.0 = Debug|x64
		{CDB56F6D-CAF0-49ED-A276-8663723D34D4}.Debug|x86.ActiveCfg = Debug|Win32
		{CDB56F6D-CAF0-49ED-A276-8663723D34D4}.Debug|x86.Build.0 = Debug|Win32
		{CDB56F6D-CAF0-49ED-A276-8663723D34D4}.Release|x64.ActiveCfg = Release|x64
		{CDB56F6D-CAF0-49ED-A276-8663723D34D4}.Release|x64.Build.0 = Release|x64
		{CDB56F6D-CAF0-49ED-A276-8663723D34D4}.Release|x86.ActiveCfg = Release|Win32
		{CDB56F6D-CAF0-49ED-A276-8663723D34D4}.Release|x86.Build.0 = Release|Win32
		{F640CB39-FB7C-4F86-825B-B48FAE2A90F7}.Debug|x64.ActiveCfg = Debug|x64
		{F640CB39-FB7C-4F86-825B-B48FAE2A90F7}.Debug|x64.Build.0 = Debug|x64
		{F640CB39-FB7C-4F86-825B-B48FAE2A90F7}.Debug|x86.ActiveCfg = Debug|Win32
		{F640CB39-FB7C-4F86-825B-B48FAE2A90F7}.Debug|x86.Build.0 = Debug|Win32
		{F640CB39-FB7C-4F86-825B-B48FAE2A90F7}.Release|x64.ActiveCfg = Release|x64
		{F640CB39-FB7C-4F86-825B-B48FAE2A90F7}.Release|x64.Build.0 = Release|x64
		{F640CB39-FB7C-4F86-825B-B48FAE2A90F7}.Release|x86.ActiveCfg = Release|Win32
		{F640CB39-FB7C-4F86-825B-B48FAE2A90F7}.Release|x86.Build.0 = Release|Win32
		{794228EE-0DD6-4E2D-B131-6FB48B685688}.Debug|x64.ActiveCfg = Debug|x64
		{794228EE-0DD6-4E2D-B131-6FB48B685688}.Debug|x64.Build.0 = Debug|x64
		{794228EE-0DD6-4E2D-B131-6FB48B685688}.Debug|x86.ActiveCfg = Debug|Win32
		{794228EE-0DD6-4E2D-B131-6FB48B685688}.Debug|x86.Build.0 = Debug|Win32
		{794228EE-0DD6-4E2D-B131-6FB48B685688}.Release|x64.ActiveCfg = Release|x64
		{794228EE-0DD6-4E2D-B131-6FB48B685688}.Release|x64.Build.0 = Release|x64
		{794228EE-0DD6-4E2D-B131-6FB48B685688}.Release|x86.ActiveCfg = Release|Win32
		{794228EE-0DD6-4E2D-B131-6FB48B685688}.Release|x86.Build.0 = Release|Win32
		{4678453F-52B8-47D6-9326-E2B2C3435FBD}.Debug|x64.ActiveCfg = Debug|x64
		{4678453F-52B8-47D6-9326-E2B2C3435FBD}.Debug|x64.Build.0 = Debug|x64
		{4678453F-52B8-47D6-9326-E2B2C3435FBD}.Debug|x86.ActiveCfg = Debug|Win32
		{4678453F-52B8-47D6-9326-E2B2C3435FBD}.Debug|x86.Build.0 = Debug|Win32
		{4678453F-52B8-47D6-9326-E2B2C3435FBD}.Release|x64.ActiveCfg = Release|x64
		{4678453F-52B8-47D6-9326-E2B2C3435FBD}.Release|x64.Build.0 = Release|x64
		{4678453F-52B8-47D6-9326-E2B2C3435FBD}.Release|x86.ActiveCfg = Release|Win32
		{4678453F-52B8-47D6-9326-E2B2C3435FBD}.Release|x86.Build.0 = Release|Win32
		{4A92CD4D-EB5F-417C-91BD-6B807AF149D7}.Debug|x64.ActiveCfg = Debug|x64
		{4A92CD4D-EB5F-417C-91BD-6B807AF149D7}.Debug|x64.Build.0 = Debug|x64
		{4A92CD4D-EB5F-417C-91BD-6B807AF149D7}.Debug|x86.ActiveCfg = Debug|Win32
		{4A92CD4D-EB5F-417C-91BD-6B807AF149D7}.Debug|x86.Build.0 = Debug|Win32
		{4A92CD4D-EB5F-417C-91BD-6B807AF149D7}.Release|x64.ActiveCfg = Release|x64
		{4A92CD4D-EB5F-417C-91BD-6B807AF149D7}.Release|x64.Build.0 = Release|x64
		{4A92CD4D-EB5F-417C-91BD-6B807AF149D7}.Release|x86.ActiveCfg = Release|Win32
		{4A92CD4D-EB5F-417C-91BD-6B807AF149D7}.Release|x86.Build.0 = Release|Win32
		{9BBF73EC-49FC-46A9-9A0D-912DB7432FE9}.Debug|x64.ActiveCfg = Debug|x64
		{9BBF73EC-49FC-46A9-9A0D-912DB7432FE9}.Debug|x64.Build.0 = Debug|x64
		{9BBF73EC-49FC-46A9-9A0D-912DB7432FE9}.Debug|x86.ActiveCfg = Debug|Win32
		{9BBF73EC-49FC-46A9-9A0D-912DB7432FE9}.Debug|x86.Build.0 = Debug|Win32
		{9BBF73EC-49FC-46A9-9A0D-912DB7432FE9}.Release|x64.ActiveCfg = Release|x64
		{9BBF73EC-49FC-46A9-9A0D-912DB7432FE9}.Release|x64.Build.0 = Release|x64
		{9BBF73EC-49FC-46A9-9A0D-912DB7432FE9}.Release|x86.ActiveCfg = Release|Win32
		{9BBF73EC-49FC-46A9-9A0D-912DB7432FE9}.Release|x86.Build.0 = Release|Win32
		{D9F1AD47-7991-41AC-B405-CACB2C74A448}.Debug|x64.ActiveCfg = Debug|x64
		{D9F1AD47-7991-41AC-B405-CACB2C74A448}.Debug|x64.Build.0 = Debug|x64
		{D9F1AD47-7991-41AC-B405-CACB2C74A448}.Debug|x86.ActiveCfg = Debug|Win32
		{D9F1AD47-7991-41AC-B405-CACB2C74A448}.Debug|x86.Build.0 = Debug|Win32
		{D9F1AD47-7991-41AC-B405-CACB2C74A448}.Release|x64.ActiveCfg = Release|x64
		{D9F1AD47-7991-41AC-B405-CACB2C74A448}.Release|x64.Build.0 = Release|x64
		{D9F1AD47-7991-41AC-B405-CACB2C74A448}.Release|x86.ActiveCfg = Release|Win32
		{D9F1AD47-7991-41AC-B405-CACB2C74A448}.Release|x86.Build.0 = Release|Win32
		{EA3F1F0C-9044-45D0-87C1-3297B58DE727}.Debug|x64.ActiveCfg = Debug|x64
		{EA3F1F0C-9044-45D0-87C1-3297B58DE727}.Debug|x64.Build.0 = Debug|x64
		{EA3F1F0C-9044-45D0-87C1-3297B58DE727}.Debug|x86.ActiveCfg = Debug|Win32
		{EA3F1F0C-9044-45D0-87C1-3297B58DE727}.Debug|x86.Build.0 = Debug|Win32
		{EA3F1F0C-9044-45D0-87C1-3297B58DE727}.Release|x64.ActiveCfg = Release|x64
		{EA3F1F0C-9044-45D0-87C1-3297B58DE727}.Release|x64.Build.0 = Release|x64
		{EA3F1F0C-9044-45D0-87C1-3297B58DE727}.Release|x86.ActiveCfg = Release|Win32
		{EA3F1F0C-9044-45D0-87C1-3297B58DE727}.Release|x86.Build.0 = Release|Win32
		{81C7440A-77CA-45A1-A42C-0819C8993E31}.Debug|x64.ActiveCfg = Debug|x64
		{81C7440A-77CA-45A1-A42C-0819C8993E31}.Debug|x64.Build.0 = Debug|x64
		{81C7440A-77CA-45A1-A42C-0819C8993E31}.Debug|x86.ActiveCfg = Debug|Win32
		{81C7440A-77CA-45A1-A42C-0819C8993E31}.Debug|x86.Build.0 = Debug|Win32
		{81C7440A-77CA-45A1-A42C-0819C8993E31}.Release|x64.ActiveCfg = Release|x64
		{81C7440A-77CA-45A1-A42C-0819C8993E31}.Release|x64.Build.0 = Release|x64
		{81C7440A-77CA-45A1-A42C-0819C8993E31}.Release|x86.ActiveCfg = Release|Win32
		{81C7440A-77CA-45A1-A42C-0819C8993E31}.Release|x86.Build.0 = Release|Win32
		{747FC47A-9363-4AD0-854F-E9BE0640AF15}.Debug|x64.ActiveCfg = Debug|x64
		{747FC47A-9363-4AD0-854F-E9BE0640AF15}.Debug|x64.Build.0 = Debug|x64
		{747FC47A-9363-4AD0-854F-E9BE0640AF15}.Debug|x86.ActiveCfg = Debug|Win32
		{747FC47A-9363-4AD0-854F-E9BE0640AF15}.Debug|x86.Build.0 = Debug|Win32
		{747FC47A-9363-4AD0-854F-E9BE0640AF15}.Release|x64.ActiveCfg = Release|x64
		{747FC47A-9363-4AD0-854F-E9BE0640AF15}.Release|x64.Build.0 = Release|x64
		{747FC47A-9363-4AD0-854F-E9BE0640AF15}.Release|x86.ActiveCfg = Release|Win32
		{747FC47A-9363-4AD0-854F-E9BE0640AF15}.Release|x86.Build.0 = Release|Win32
		{439D4AFE-CE85-45BF-904F-81321769731F}.Debug|x64.ActiveCfg = Debug|x64
		{439D4AFE-CE85-45BF-904F-81321769731F}.Debug|x64.Build.0 = Debug|x64
		{439D4AFE-CE85-45BF-904F-81321769731F}.Debug|x86.ActiveCfg = Debug|Win32
		{439D4AFE-CE85-45BF-904F-81321769731F}.Debug|x86.Build.0 = Debug|Win32
		{439D4AFE-CE85-45BF-904F-81321769731F}.Release|x64.ActiveCfg = Release|x64
		{439D4AFE-CE85-45BF-904F-81321769731F}.Release|x64.Build.0 = Release|x64
		{439D4AFE-CE85-45BF-904F-81321769731F}.Release|x86.ActiveCfg = Release|Win32
		{439D4AFE-CE85-45BF-904F-81321769731F}.Release|x86.Build.0 = Release|Win32
		{FEB1A19D-6EA3-4B5F-83DA-DACFED9A4944}.Debug|x64.ActiveCfg = Debug|x64
		{FEB1A19D-6EA3-4B5F-83DA-DACFED9A4944}.Debug|x64.Build.0 = Debug|x64
		{FEB1A19D-6EA3-4B5F-83DA-DACFED9A4944}.Debug|x86.ActiveCfg = Debug|Win32
		{FEB1A19D-6EA3-4B5F-83DA-DACFED9A4944}.Debug|x86.Build.0 = Debug|Win32
		{FEB1A19D-6EA3-4B5F-83DA-DACFED9A4944}.Release|x64.ActiveCfg = Release|x64
		{FEB1A19D-6EA3-4B5F-83DA-DACFED9A4944}.Release|x64.Build.0 = Release|x64
		{FEB1A19D-6EA3-4B5F-83DA-DACFED9A4944}.Release|x86.ActiveCfg = Release|Win32
		{FEB1A19D-6EA3-4B5F-83DA-DACFED9A4944}.Release|x86.Build.0 = Release|Win32
		{1E5A7979-3ED8-4688-B5CD-BA6A4BD417DB}.Debug|x64.ActiveCfg = Debug|x64
		{1E5A7979-3ED8-4688-B5CD-BA6A4BD417DB}.Debug|x64.Build.0 = Debug|x64
		{1E5A7979-3ED8-4688-B5CD-BA6A4BD417DB}.Debug|x86.ActiveCfg = Debug|Win32
		{1E5A7979-3ED8-4688-B5CD-BA6A4BD417DB}.Debug|x86.Build.0 = Debug|Win32
		{1E5A7979-3ED8-4688-B5CD-BA6A4BD417DB}.Release|x64.ActiveCfg = Release|x64
		{1E5A7979-3ED8-4688-B5CD-BA6A4BD417DB}.Release|x64.Build.0 = Release|x64
		{1E5A7979-3ED8-4688-B5CD-BA6A4BD417DB}.Release|x86.ActiveCfg = Release|Win32
		{1E5A7979-3ED8-4688-B5CD-BA6A4BD417DB}.Release|x86.Build.0 = Release|Win32
		{1337E340-A7EA-46BB-B722-F84E133B18B9}.Debug|x64.ActiveCfg = Debug|x64
		{1337E340-A7EA-46BB-B722-F84E133B18B9}.Debug|x64.Build.0 = Debug|x64
		{1337E340-A7EA-46BB-B722-F84E133B18B9}.Debug|x86.ActiveCfg = Debug|Win32
		{1337E340-A7EA-46BB-B722-F84E133B18B9}.Debug|x86.Build.0 = Debug|Win32
		{1337E340-A7EA-46BB-B722-F84E133B18B9}.Release|x64.ActiveCfg = Release|x64
		{1337E340-A7EA-46BB-B722-F84E133B18B9}.Release|x64.Build.0 = Release|x64
		{1337E340-A7EA-46BB-B722-F84E133B18B9}.Release|x86.ActiveCfg = Release|Win32
		{1337E340-A7EA-46BB-B722-F84E133B18B9}.Release|x86.Build.0 = Release|Win32
		{B9015325-B8A0-4ADC-BE68-B689EDB06D38}.Debug|x64.ActiveCfg = Debug|x64
		{B9015325-B8A0-4ADC-BE68-B689EDB06D38}.Debug|x64.Build.0 = Debug|x64
		{B9015325-B8A0-4ADC-BE68-B689EDB06D38}.Debug|x86.ActiveCfg = Debug|Win32
		{B9015325-B8A0-4ADC-BE68-B689EDB06D38}.Debug|x86.Build.0 = Debug|Win32
		{B9015325-B8A0-4ADC-BE68-B689EDB06D38}.Release|x64.ActiveCfg = Release|x64
		{B9015325-B8A0-4ADC-BE68-B689EDB06D38}.Release|x64.Build.0 = Release|x64
		{B9015325-B8A0-4ADC-BE68-B689EDB06D38}.Release|x86.ActiveCfg = Release|Win32
		{B9015325-B8A0-4ADC-BE68-B689EDB06D38}.Release|x86.Build.0 = Release|Win32
		{E6069988-FAD4-4E35-BFC0-DCB90BAD2911}.Debug|x64.ActiveCfg = Debug|x64
		{E6069988-FAD4-4E35-BFC0-DCB90BAD2911}.Debug|x64.Build.0 = Debug|x64
		{E6069988-FAD4-4E35-BFC0-DCB90BAD2911}.Debug|x86.ActiveCfg = Debug|Win32
		{E6069988-FAD4-4E35-BFC0-DCB90BAD2911}.Debug|x86.Build.0 = Debug|Win32
		{E6069988-FAD4-4E35-BFC0-DCB90BAD2911}.Release|x64.ActiveCfg = Release|x64
		{E6069988-FAD4-4E35-BFC0-DCB90BAD2911}.Release|x64.Build.0 = Release|x64
		{E6069988-FAD4-4E35-BFC0-DCB90BAD2911}.Release|x86.ActiveCfg = Release|Win32
		{E6069988-FAD4-4E35-BFC0-DCB90BAD2911}.Release|x86.Build.0 = Release|Win32
		{6102C4F2-D1B3-4D81-8559-4109FA31FE2D}.Debug|x64.ActiveCfg = Debug|x64
		{6102C4F2-D1B3-4D81-8559-4109FA31FE2D}.Debug|x64.Build.0 = Debug|x64
		{6102C4F2-D1B3-4D81-8559-4109FA31FE2D}.Debug|x86.ActiveCfg = Debug|Win32
		{6102C4F2-D1B3-4D81-8559-4109FA31FE2D}.Debug|x86.Build.0 = Debug|Win32
		{6102C4F2-D1B3-4D81-8559-4109FA31FE2D}.Release|x64.ActiveCfg = Release|x64
		{6102C4F2-D1B3-4D81-8559-4109FA31FE2D}.Release|x64.Build.0 = Release|x64
		{6102C4F2-D1B3-4D81-8559-4109FA31FE2D}.Release|x86.ActiveCfg = Release|Win32
		{6102C4F2-D1B3-4D81-8559-4109FA31FE2D}.Release|x86.Build.0 = Release|Win32
		{10F269F6-3FF8-4B32-922E-3A4CF51CC77C}.Debug|x64.ActiveCfg = Debug|x64
		{10F269F6-3FF8-4B32-922E-3A4CF51CC77C}.Debug|x64.Build.0 = Debug|x64
		{10F269F6-3FF8-4B32-922E-3A4CF51CC77C}.Debug|x86.ActiveCfg = Debug|Win32
		{10F269F6-3FF8-4B32-922E-3A4CF51CC77C}.Debug|x86.Build.0 = Debug|Win32
		{10F269F6-3FF8-4B32-922E-3A4CF51CC77C}.Release|x64.ActiveCfg = Release|x64
		{10F269F6-3FF8-4B32-922E-3A4CF51CC77C}.Release|x64.Build.0 = Release|x64
		{10F269F6-3FF8-4B32-922E-3A4CF51CC77C}.Release|x86.ActiveCfg = Release|Win32
		{10F269F6-3FF8-4B32-922E-3A4CF51CC77C}.Release|x86.Build.0 = Release|Win32
		{BCC87A37-A20A-4D39-97F7-F76C76339909}.Debug|x64.ActiveCfg = Debug|x64
		{BCC87A37-A20A-4D39-97F7-F76C76339909}.Debug|x64.Build.0 = Debug|x64
		{BCC87A37-A20A-4D39-97F7-F76C76339909}.Debug|x86.ActiveCfg = Debug|Win32
		{BCC87A37-A20A-4D39-97F7-F76C76339909}.Debug|x86.Build.0 = Debug|Win32
		{BCC87A37-A20A-4D39-97F7-F76C76339909}.Release|x64.ActiveCfg = Release|x64
		{BCC87A37-A20A-4D39-97F7-F76C76339909}.Release|x64.Build.0 = Release|x64
		{BCC87A37-A20A-4D39-97F7-F76C76339909}.Release|x86.ActiveCfg = Release|Win32
		{BCC87A37-A20A-4D39-97F7-F76C76339909}.Release|x86.Build.0 = Release|Win32
		{7149DAB3-1BCF-4B80-9699-625B3E78D27F}.Debug|x64.ActiveCfg = Debug|x64
		{7149DAB3-1BCF-4B80-9699-625B3E78D27F}.Debug|x64.Build.0 = Debug|x64
		{7149DAB3-1BCF-4B80-9699-625B3E78D27F}.Debug|x86.ActiveCfg = Debug|Win32
		{7149DAB3-1BCF-4B80-9699-625B3E78D27F}.Debug|x86.Build.0 = Debug|Win32
		{7149DAB3-1BCF-4B80-9699-625B3E78D27F}.Release|x64.ActiveCfg = Release|x64
		{7149DAB3-1BCF-4B80-9699-625B3E78D27F}.Release|x64.Build.0 = Release|x64
		{7149DAB3-1BCF-4B80-9699-625B3E78D27F}.Release|x86.ActiveCfg = Release|Win32
		{7149DAB3-1BCF-4B80-9699-625B3E78D27F}.Release|x86.Build.0 = Release|Win32
		{632B987D-EE87-4443-A8E8-BA326B844CE3}.Debug|x64.ActiveCfg = Debug|x64
		{632B987D-EE87-4443-A8E8-BA326B844CE3}.Debug|x64.Build.0 = Debug|x64
		{632B987D-EE87-4443-A8E8-BA326B844CE3}.Debug|x86.ActiveCfg = Debug|Win32
		{632B987D-EE87-4443-A8E8-BA326B844CE3}.Debug|x86.Build.0 = Debug|Win32
		{632B987D-EE87-4443-A8E8-BA326B844CE3}.Release|x64.ActiveCfg = Release|x64
		{632B987D-EE87-4443-A8E8-BA326B844CE3}.Release|x64.Build.0 = Release|x64
		{632B987D-EE87-4443-A8E8-BA326B844CE3}.Release|x86.ActiveCfg = Release|Win32
		{632B987D-EE87-4443-A8E8-BA326B844CE3}.Release|x86.Build.0 = Release|Win32
		{CC7803D4-7D17-4E2D-80F8-3367FA6E307E}.Debug|x64.ActiveCfg = Debug|x64
		{CC7803D4-7D17-4E2D-80F8-3367FA6E307E}.Debug|x64.Build.0 = Debug|x64
		{CC7803D4-7D17-4E2D-80F8-3367FA6E307E}.Debug|x86.ActiveCfg = Debug|Win32
		{CC7803D4-7D17-4E2D-80F8-3367FA6E307E}.Debug|x86.Build.0 = Debug|Win32
		{CC7803D4-7D17-4E2D-80F8-3367FA6E307E}.Release|x64.ActiveCfg = Release|x64
		{CC7803D4-7D17-4E2D-80F8-3367FA6E307E}.Release|x64.Build.0 = Release|x64
		{CC7803D4-7D17-4E2D-80F8-3367FA6E307E}.Release|x86.ActiveCfg = Release|Win32
		{CC7803D4-7D17-4E2D-80F8-3367FA6E307E}.Release|x86.Build.0 = Release|Win32
		{C7ADC744-F13E-4A4A-B681-D7BF9F57384A}.Debug|x64.ActiveCfg = Debug|x64
		{C7ADC744-F13E-4A4A-B681-D7BF9F57384A}.Debug|x64.Build.0 = Debug|x64
		{C7ADC744-F13E-4A4A-B681-D7BF9F57384A}.Debug|x86.ActiveCfg = Debug|Win32
		{C7ADC744-F13E-4A4A-B681-D7BF9F57384A}.Debug|x86.Build.0 = Debug|Win32
		{C7ADC744-F13E-4A4A-B681-D7BF9F57384A}.Release|x64.ActiveCfg = Release|x64
		{C7ADC744-F13E-4A4A-B681-D7BF9F57384A}.Release|x64.Build.0 = Release|x64
		{C7ADC744-F13E-4A4A-B681-D7BF9F57384A}.Release|x86.ActiveCfg = Release|Win32
		{C7ADC744-F13E-4A4A-B681-D7BF9F57384A}.Release|x86.Build.0 = Release|Win32
		{D79CD1EB-65C4-425E-8127-5256DE973884}.Debug|x64.ActiveCfg = Debug|x64
		{D79CD1EB-65C4-425E-8127-5256DE973884}.Debug|x64.Build.0 = Debug|x64
		{D79CD1EB-65C4-425E-8127-5256DE973884}.Debug|x86.ActiveCfg = Debug|Win32
		{D79CD1EB-65C4-425E-8127-5256DE973884}.Debug|x86.Build.0 = Debug|Win32
		{D79CD1EB-65C4-425E-8127-5256DE973884}.Release|x64.ActiveCfg = Release|x64
		{D79CD1EB-65C4-425E-8127-5256DE973884}.Release|x64.Build.0 = Release|x64
		{D79CD1EB-65C4-425E-8127-5256DE973884}.Release|x86.ActiveCfg = Release|Win32
		{D79CD1EB-65C4-425E-8127-5256DE973884}.Release|x86.Build.0 = Release|Win32
		{67E3B7BE-9A2F-4B09-98D2-8F115F4CA5C1}.Debug|x64.ActiveCfg = Debug|x64
		{67E3B7BE-9A2F-4B09-98D2-8F115F4CA5C1}.Debug|x64.Build.0 = Debug|x64
		{67E3B7BE-9A2F-4B09-98D2-8F115F4CA5C1}.Debug|x86.ActiveCfg = Debug|Win32
		{67E3B7BE-9A2F-4B09-98D2-8F115F4CA5C1}.Debug|x86.Build.0 = Debug|Win32
		{67E3B7BE-9A2F-4B09-98D2-8F115F4CA5C1}.Release|x64.ActiveCfg = Release|x64
		{67E3B7BE-9A2F-4B09-98D2-8F115F4CA5C1}.Release|x64.Build.0 = Release|x64
		{67E3B7BE-9A2F-4B09-98D2-8F115F4CA5C1}.Release|x86.ActiveCfg = Release|Win32
		{67E3B7BE-9A2F-4B09-98D2-8F115F4CA5C1}.Release|x86.Build.0 = Release|Win32
		{FCD52F10-3DCD-42FA-A0C5-4F0577E6A5A5}.Debug|x64.ActiveCfg = Debug|x64
		{FCD52F10-3DCD-42FA-A0C5-4F0577E6A5A5}.Debug|x64.Build.0 = Debug|x64
		{FCD52F10-3DCD-42FA-A0C5-4F0577E6A5A5}.Debug|x86.ActiveCfg = Debug|Win32
		{FCD52F10-3DCD-42FA-A0C5-4F0577E6A5A5}.Debug|x86.Build.0 = Debug|Win32
		{FCD52F10-3DCD-42FA-A0C5-4F0577E6A5A5}.Release|x64.ActiveCfg = Release|x64
		{FCD52F10-3DCD-42FA-A0C5-4F0577E6A5A5}.Release|x64.Build.0 = Release|x64
		{FCD52F10-3DCD-42FA-A0C5-4F0577E6A5A5}.Release|x86.ActiveCfg = Release|Win32
		{FCD52F10-3DCD-42FA-A0C5-4F0577E6A5A5}.Release|x86.Build.0 = Release|Win32
		{F271A4BC-5717-4642-9887-CF3AD8133E86}.Debug|x64.ActiveCfg = Debug|x64
		{F271A4BC-5717-4642-9887-CF3AD8133E86}.Debug|x64.Build.0 = Debug|x64
		{F271A4BC-5717-4642-9887-CF3AD8133E86}.Debug|x86.ActiveCfg = Debug|Win32
		{F271A4BC-5717-4642-9887-CF3AD8133E86}.Debug|x86.Build.0 = Debug|Win32
		{F271A4BC-5717-4642-9887-CF3AD8133E86}.Release|x64.ActiveCfg = Release|x64
		{F271A4BC-5717-4642-9887-CF3AD8133E86}.Release|x64.Build.0 = Release|x64
		{F271A4BC-5717-4642-9887-CF3AD8133E86}.Release|x86.ActiveCfg = Release|Win32
		{F271A4BC-5717-4642-9887-CF3AD8133E86}.Release|x86.Build.0 = Release|Win32
		{3D2D39D6-EDB0-49D1-B23C-BA38668C2F89}.Debug|x64.ActiveCfg = Debug|x64
		{3D2D39D6-EDB0-49D1-B23C-BA38668C2F89}.Debug|x64.Build.0 = Debug|x64
		{3D2D39D6-EDB0-49D1-B23C-BA38668C2F89}.Debug|x86.ActiveCfg = Debug|Win32
		{3D2D39D6-EDB0-49D1-B23C-BA38668C2F89}.Debug|x86.Build.0 = Debug|Win32
		{3D2D39D6-EDB0-49D1-B23C-BA38668C2F89}.Release|x64.ActiveCfg = Release|x64
		{3D2D39D6-EDB0-49D1-B23C-BA38668C2F89}.Release|x64.Build.0 = Release|x64
		{3D2D39D6-EDB0-49D1-B23C-BA38668C2F89}.Release|x86.ActiveCfg = Release|Win32
		{3D2D39D6-EDB0-49D1-B23C-BA38668C2F89}.Release|x86.Build.0 = Release|Win32
		{DC909073-2FA0-456C-83B2-09FB365236F6}.Debug|x64.ActiveCfg = Debug|x64
		{DC909073-2FA0-456C-83B2-09FB365236F6}.Debug|x64.Build.0 = Debug|x64
		{DC909073-2FA0-456C-83B2-09FB365236F6}.Debug|x86.ActiveCfg = Debug|Win32
		{DC909073-2FA0-456C-83B2-09FB365236F6}.Debug|x86.Build.0 = Debug|Win32
		{DC909073-2FA0-456C-83B2-09FB365236F6}.Release|x64.ActiveCfg = Release|x64
		{DC909073-2FA0-456C-83B2-09FB365236F6}.Release|x64.Build.0 = Release|x64
		{DC909073-2FA0-456C-83B2-09FB365236F6}.Release|x86.ActiveCfg = Release|Win32
		{DC909073-2FA0-456C-83B2-09FB365236F6}.Release|x86.Build.0 = Release|Win32
		{5CFD8305-C9F2-4393-A02D-E142A91013D7}.Debug|x64.ActiveCfg = Debug|x64
		{5CFD8305-C9F2-4393-A02D-E142A91013D7}.Debug|x64.Build.0 = Debug|x64
		{5CFD8305-C9F2-4393-A02D-E142A91013D7}.Debug|x86.ActiveCfg = Debug|Win32
		{5CFD8305-C9F2-4393-A02D-E142A91013D7}.Debug|x86.Build.0 = Debug|Win32
		{5CFD8305-C9F2-4393-A02D-E142A91013D7}.Release|x64.ActiveCfg = Release|x64
		{5CFD8305-C9F2-4393-A02D-E142A91013D7}.Release|x64.Build.0 = Release|x64
		{5CFD8305-C9F2-4393-A02D-E142A91013D7}.Release|x86.ActiveCfg = Release|Win32
		{5CFD8305-C9F2-4393-A02D-E142A91013D7}.Release|x86.Build.0 = Release|Win32
		{051671BF-32E1-4B57-AED0-97640FF35169}.Debug|x64.ActiveCfg = Debug|x64
		{051671BF-32E1-4B57-AED0-97640FF35169}.Debug|x64.Build.0 = Debug|x64
		{051671BF-32E1-4B57-AED0-97640FF35169}.Debug|x86.ActiveCfg = Debug|Win32
		{051671BF-32E1-4B57-AED0-97640FF35169}.Debug|x86.Build.0 = Debug|Win32
		{051671BF-32E1-4B57-AED0-97640FF35169}.Release|x64.ActiveCfg = Release|x64
		{051671BF-32E1-4B57-AED0-97640FF35169}.Release|x64.Build.0 = Release|x64
		{051671BF-32E1-4B57-AED0-97640FF35169}.Release|x86.ActiveCfg = Release|Win32
		{051671BF-32E1-4B57-AED0-97640FF35169}.Release|x86.Build.0 = Release|Win32
		{9E6E24E3-6DAC-4F3A-A70A-2ABAB9EFE55D}.Debug|x64.ActiveCfg = Debug|x64
		{9E6E24E3-6DAC-4F3A-A70A-2ABAB9EFE55D}.Debug|x64.Build.0 = Debug|x64
		{9E6E24E3-6DAC-4F3A-A70A-2ABAB9EFE55D}.Debug|x86.ActiveCfg = Debug|Win32
		{9E6E24E3-6DAC-4F3A-A70A-2ABAB9EFE55D}.Debug|x86.Build.0 = Debug|Win32
		{9E6E24E3-6DAC-4F3A-A70A-2ABAB9EFE55D}.Release|x64.ActiveCfg = Release|x64
		{9E6E24E3-6DAC-4F3A-A70A-2ABAB9EFE55D}.Release|x64.Build.0 = Release|x64
		{9E6E24E3-6DAC-4F3A-A70A-2ABAB9EFE55D}.Release|x86.ActiveCfg = Release|Win32
		{9E6E24E3-6DAC-4F3A-A70A-2ABAB9EFE55D}.Release|x86.Build.0 = Release|Win32
		{81E3FEA2-4684-4104-B3F7-740FD622BBFA}.Debug|x64.ActiveCfg = Debug|x64
		{81E3FEA2-4684-4104-B3F7-740FD622BBFA}.Debug|x64.Build.0 = Debug|x64
		{81E3FEA2-4684-4104-B3F7-740FD622BBFA}.Debug|x86.ActiveCfg = Debug|Win32
		{81E3FEA2-4684-4104-B3F7-740FD622BBFA}.Debug|x86.Build.0 = Debug|Win32
		{81E3FEA2-4684-4104-B3F7-740FD622BBFA}.Release|x64.ActiveCfg = Release|x64
		{81E3FEA2-4684-4104-B3F7-740FD622BBFA}.Release|x64.Build.0 = Release|x64
		{81E3FEA2-4684-4104-B3F7-740FD622BBFA}.Release|x86.ActiveCfg = Release|Win32
		{81E3FEA2-4684-4104-B3F7-740FD622BBFA}.Release|x86.Build.0 = Release|Win32
		{C5D1B7AF-0162-41D6-89EE-69BEE1352FB5}.Debug|x64.ActiveCfg = Debug|x64
		{C5D1B7AF-0162-41D6-89EE-69BEE1352FB5}.Debug|x64.Build.0 = Debug|x64
		{C5D1B7AF-0162-41D6-89EE-69BEE1352FB5}.Debug|x86.ActiveCfg = Debug|Win32
		{C5D1B7AF-0162-41D6-89EE-69BEE1352FB5}.Debug|x86.Build.0 = Debug|Win32
		{C5D1B7AF-0162-41D6-89EE-69BEE1352FB5}.Release|x64.ActiveCfg = Release|x64
		{C5D1B7AF-0162-41D6-89EE-69BEE1352FB5}.Release|x64.Build.0 = Release|x64
		{C5D1B7AF-0162-41D6-89EE-69BEE1352FB5}.Release|x86.ActiveCfg = Release|Win32
		{C5D1B7AF-0162-41D6-89EE-69BEE1352FB5}.Release|x86.Build.0 = Release|Win32
		{098347EF-D621-488E-9B73-C79F84873404}.Debug|x64.ActiveCfg = Debug|x64
		{098347EF-D621-488E-9B73-C79F84873404}.Debug|x64.Build.0 = Debug|x64
		{098347EF-D621-488E-9B73-C79F84873404}.Debug|x86.ActiveCfg = Debug|Win32
		{098347EF-D621-488E-9B73-C79F84873404}.Debug|x86.Build.0 = Debug|Win32
		{098347EF-D621-488E-9B73-C79F84873404}.Release|x64.ActiveCfg = Release|x64
		{098347EF-D621-488E-9B73-C79F84873404}.Release|x64.Build.0 = Release|x64
		{098347EF-D621-488E-9B73-C79F84873404}.Release|x86.ActiveCfg = Release|Win32
		{098347EF-D621-488E-9B73-C79F84873404}.Release|x86.Build.0 = Release|Win32
		{9FE11034-EE7E-4C08-B578-C49D7A944E70}.Debug|x64.ActiveCfg = Debug|x64
		{9FE11034-EE7E-4C08-B578-C49D7A944E70}.Debug|x64.Build.0 = Debug|x64
		{9FE11034-EE7E-4C08-B578-C49D7A944E70}.Debug|x86.ActiveCfg = Debug|Win32
		{9FE11034-EE7E-4C08-B578-C49D7A944E70}.Debug|x86.Build.0 = Debug|Win32
		{9FE11034-EE7E-4C08-B578-C49D7A944E70}.Release|x64.ActiveCfg = Release|x64
		{9FE11034-EE7E-4C08-B578-C49D7A944E70}.Release|x64.Build.0 = Release|x64
		{9FE11034-EE7E-4C08-B578-C49D7A944E70}.Release|x86.ActiveCfg = Release|Win32
		{9FE11034-EE7E-4C08-B578-C49D7A944E70}.Release|x86.Build.0 = Release|Win32
		{6E8D9F43-5338-42C0-B6C3-3E4BBF8AE562}.Debug|x64.ActiveCfg = Debug|x64
		{6E8D9F43-5338-42C0-B6C3-3E4BBF8AE562}.Debug|x64.Build.0 = Debug|x64
		{6E8D9F43-5338-42C0-B6C3-3E4BBF8AE562}.Debug|x86.ActiveCfg = Debug|Win32
		{6E8D9F43-5338-42C0-B6C3-3E4BBF8AE562}.Debug|x86.Build.0 = Debug|Win32
		{6E8D9F43-5338-42C0-B6C3-3E4BBF8AE562}.Release|x64.ActiveCfg = Release|x64
		{6E8D9F43-5338-42C0-B6C3-3E4BBF8AE562}.Release|x64.Build.0 = Release|x64
		{6E8D9F43-5338-42C0-B6C3-3E4BBF8AE562}.Release|x86.ActiveCfg = Release|Win32
		{6E8D9F43-5338-42C0-B6C3-3E4BBF8AE562}.Release|x86.Build.0 = Release|Win32
		{DEA9048D-AEF0-4A1C-9F2E-F28D1EAFDAC1}.Debug|x64.ActiveCfg = Debug|x64
		{DEA9048D-AEF0-4A1C-9F2E-F28D1EAFDAC1}.Debug|x64.Build.0 = Debug|x64
		{DEA9048D-AEF0-4A1C-9F2E-F28D1EAFDAC1}.Debug|x86.ActiveCfg = Debug|Win32
		{DEA9048D-AEF0-4A1C-9F2E-F28D1EAFDAC1}.Debug|x86.Build.0 = Debug|Win32
		{DEA9048D-AEF0-4A1C-9F2E-F28D1EAFDAC1}.Release|x64.ActiveCfg = Release|x64
		{DEA9048D-AEF0-4A1C-9F2E-F28D1EAFDAC1}.Release|x64.Build.0 = Release|x64
		{DEA9048D-AEF0-4A1C-9F2E-F28D1EAFDAC1}.Release|x86.ActiveCfg = Release|Win32
		{DEA9048D-AEF0-4A1C-9F2E-F28D1EAFDAC1}.Release|x86.Build.0 = Release|Win32
		{EE93D9D0-C519-4873-9604-7319C486A3A4}.Debug|x64.ActiveCfg = Debug|x64
		{EE93D9D0-C519-4873-9604-7319C486A3A4}.Debug|x64.Build.0 = Debug|x64
		{EE93D9D0-C519-4873-9604-7319C486A3A4}.Debug|x86.ActiveCfg = Debug|Win32
		{EE93D9D0-C519-4873-9604-7319C486A3A4}.Debug|x86.Build.0 = Debug|Win32
		{EE93D9D0-C519-4873-9604-7319C486A3A4}.Release|x64.ActiveCfg = Release|x64
		{EE93D9D0-C519-4873-9604-7319C486A3A4}.Release|x64.Build.0 = Release|x64
		{EE93D9D0-C519-4873-9604-7319C486A3A4}.Release|x86.ActiveCfg = Release|Win32
		{EE93D9D0-C519-4873-9604-7319C486A3A4}.Release|x86.Build.0 = Release|Win32
		{6B47A98C-7900-4192-9701-42A09F9CA9FF}.Debug|x64.ActiveCfg = Debug|x64
		{6B47A98C-7900-4192-9701-42A09F9CA9FF}.Debug|x64.Build.0 = Debug|x64
		{6B47A98C-7900-4192-9701-42A09F9CA9FF}.Debug|x86.ActiveCfg = Debug|Win32
		{6B47A98C-7900-4192-9701-42A09F9CA9FF}.Debug|x86.Build.0 = Debug|Win32
		{6B47A98C-7900-4192-9701-42A09F9CA9FF}.Release|x64.ActiveCfg = Release|x64
		{6B47A98C-7900-4192-9701-42A09F9CA9FF}.Release|x64.Build.0 = Release|x64
		{6B47A98C-7900-4192-9701-42A09F9CA9FF}.Release|x86.ActiveCfg = Release|Win32
		{6B47A98C-7900-4192-9701-42A09F9CA9FF}.Release|x86.Build.0 = Release|Win32
		{2352618F-5F47-4CEA-BB5C-D27AAA8206D7}.Debug|x64.ActiveCfg = Debug|x64
		{2352618F-5F47-4CEA-BB5C-D27AAA8206D7}.Debug|x64.Build.0 = Debug|x64
		{2352618F-5F47-4CEA-BB5C-D27AAA8206D7}.Debug|x86.ActiveCfg = Debug|Win32
		{2352618F-5F47-4CEA-BB5C-D27AAA8206D7}.Debug|x86.Build.0 = Debug|Win32
		{2352618F-5F47-4CEA-BB5C-D27AAA8206D7}.Release|x64.ActiveCfg = Release|x64
		{2352618F-5F47-4CEA-BB5C-D27AAA8206D7}.Release|x64.Build.0 = Release|x64
		{2352618F-5F47-4CEA-BB5C-D27AAA8206D7}.Release|x86.ActiveCfg = Release|Win32
		{2352618F-5F47-4CEA-BB5C-D27AAA8206D7}.Release|x86.Build.0 = Release|Win32
		{633B2739-146D-4B16-816B-C56E2FA0A780}.Debug|x64.ActiveCfg = Debug|x64
		{633B2739-146D-4B16-816B-C56E2FA0A780}.Debug|x64.Build.0 = Debug|x64
		{633B2739-146D-4B16-816B-C56E2FA0A780}.Debug|x86.ActiveCfg = Debug|Win32
		{633B2739-146D-4B16-816B-C56E2FA0A780}.Debug|x86.Build.0 = Debug|Win32
		{633B2739-146D-4B16-816B-C56E2FA0A780}.Release|x64.ActiveCfg = Release|x64
		{633B2739-146D-4B16-816B-C56E2FA0A780}.Release|x64.Build.0 = Release|x64
		{633B2739-146D-4B16-816B-C56E2FA0A780}.Release|x86.ActiveCfg = Release|Win32
		{633B2739-146D-4B16-816B-C56E2FA0A780}.Release|x86.Build.0 = Release|Win32
		{FFE15005-29BB-44B7-8744-DE8F2AB94CC6}.Debug|x64.ActiveCfg = Debug|x64
		{FFE15005-29BB-44B7-8744-DE8F2AB94CC6}.Debug|x64.Build.0 = Debug|x64
		{FFE15005-29BB-44B7-8744-DE8F2AB94CC6}.Debug|x86.ActiveCfg = Debug|Win32
		{FFE15005-29BB-44B7-8744-DE8F2AB94CC6}.Debug|x86.Build.0 = Debug|Win32
		{FFE15005-29BB-44B7-8744-DE8F2AB94CC6}.Release|x64.ActiveCfg = Release|x64
		{FFE15005-29BB-44B7-8744-DE8F2AB94CC6}.Release|x64.Build.0 = Release|x64
		{FFE15005-29BB-44B7-8744-DE8F2AB94CC6}.Release|x86.ActiveCfg = Release|Win32
		{FFE15005-29BB-44B7-8744-DE8F2AB94CC6}.Release|x86.Build.0 = Release|Win32
		{A709F7B7-0D3B-4FDA-9770-C6679C8B4933}.Debug|x64.ActiveCfg = Debug|x64
		{A709F7B7-0D3B-4FDA-9770-C6679C8B4933}.Debug|x64.Build.0 = Debug|x64
		{A709F7B7-0D3B-4FDA-9770-C6679C8B4933}.Debug|x86.ActiveCfg = Debug|Win32
		{A709F7B7-0D3B-4FDA-9770-C6679C8B4933}.Debug|x86.Build.0 = Debug|Win32
		{A709F7B7-0D3B-4FDA-9770-C6679C8B4933}.Release|x64.ActiveCfg = Release|x64
		{A709F7B7-0D3B-4FDA-9770-C6679C8B4933}.Release|x64.Build.0 = Release|x64
		{A709F7B7-0D3B-4FDA-9770-C6679C8B4933}.Release|x86.ActiveCfg = Release|Win32
		{A709F7B7-0D3B-4FDA-9770-C6679C8B4933}.Release|x86.Build.0 = Release|Win32
		{2292339A-B4B9-4FE8-A660-D6601435D161}.Debug|x64.ActiveCfg = Debug|x64
		{2292339A-B4B9-4FE8-A660-D6601435D161}.Debug|x64.Build.0 = Debug|x64
		{2292339A-B4B9-4FE8-A660-D6601435D161}.Debug|x86.ActiveCfg = Debug|Win32
		{2292339A-B4B9-4FE8-A660-D6601435D161}.Debug|x86.Build.0 = Debug|Win32
		{2292339A-B4B9-4FE8-A660-D6601435D161}.Release|x64.ActiveCfg = Release|x64
		{2292339A-B4B9-4FE8-A660-D6601435D161}.Release|x64.Build.0 = Release|x64
		{2292339A-B4B9-4FE8-A660-D6601435D161}.Release|x86.ActiveCfg = Release|Win32
		{2292339A-B4B9-4FE8-A660-D6601435D161}.Release|x86.Build.0 = Release|Win32
		{3C09FF1E-7111-4E49-ADBF-280F0E72178C}.Debug|x64.ActiveCfg = Debug|x64
		{3C09FF1E-7111-4E49-ADBF-280F0E72178C}.Debug|x64.Build.0 = Debug|x64
		{3C09FF1E-7111-4E49-ADBF-280F0E72178C}.Debug|x86.ActiveCfg = Debug|Win32
		{3C09FF1E-7111-4E49-ADBF-280F0E72178C}.Debug|x86.Build.0 = Debug|Win32
		{3C09FF1E-7111-4E49-ADBF-280F0E72178C}.Release|x64.ActiveCfg = Release|x64
		{3C09FF1E-7111-4E49-ADBF-280F0E72178C}.Release|x64.Build.0 = Release|x64
		{3C09FF1E-7111-4E49-ADBF-280F0E72178C}.Release|x86.ActiveCfg = Release|Win32
		{3C09FF1E-7111-4E49-ADBF-280F0E72178C}.Release|x86.Build.0 = Release|Win32
		{D18852D9-88CE-4569-B84C-10074BE4A5AA}.Debug|x64.ActiveCfg = Debug|x64
		{D18852D9-88CE-4569-B84C-10074BE4A5AA}.Debug|x64.Build.0 = Debug|x64
		{D18852D9-88CE-4569-B84C-10074BE4A5AA}.Debug|x86.ActiveCfg = Debug|Win32
		{D18852D9-88CE-4569-B84C-10074BE4A5AA}.Debug|x86.Build.0 = Debug|Win32
		{D18852D9-88CE-4569-B84C-10074BE4A5AA}.Release|x64.ActiveCfg = Release|x64
		{D18852D9-88CE-4569-B84C-10074BE4A5AA}.Release|x64.Build.0 = Release|x64
		{D18852D9-88CE-4569-B84C-10074BE4A5AA}.Release|x86.ActiveCfg = Release|Win32
		{D18852D9-88CE-4569-B84C-10074BE4A5AA}.Release|x86.Build.0 = Release|Win32
		{F2CD37A2-5857-47DE-B696-54D825C9582B}.Debug|x64.ActiveCfg = Debug|x64
		{F2CD37A2-5857-47DE-B696-54D825C9582B}.Debug|x64.Build.0 = Debug|x64
		{F2CD37A2-5857-47DE-B696-54D825C9582B}.Debug|x86.ActiveCfg = Debug|Win32
		{F2CD37A2-5857-47DE-B696-54D825C9582B}.Debug|x86.Build.0 = Debug|Win32
		{F2CD37A2-5857-47DE-B696-54D825C9582B}.Release|x64.ActiveCfg = Release|x64
		{F2CD37A2-5857-47DE-B696-54D825C9582B}.Release|x64.Build.0 = Release|x64
		{F2CD37A2-5857-47DE-B696-54D825C9582B}.Release|x86.ActiveCfg = Release|Win32
		{F2CD37A2-5857-47DE-B696-54D825C9582B}.Release|x86.Build.0 = Release|Win32
		{550E3657-E120-4CA2-AD1A-F4A3D619DC5E}.Debug|x64.ActiveCfg = Debug|x64
		{550E3657-E120-4CA2-AD1A-F4A3D619DC5E}.Debug|x64.Build.0 = Debug|x64
		{550E3657-E120-4CA2-AD1A-F4A3D619DC5E}.Debug|x86.ActiveCfg = Debug|Win32
		{550E3657-E120-4CA2-AD1A-F4A3D619DC5E}.Debug|x86.Build.0 = Debug|Win32
		{550E3657-E120-4CA2-AD1A-F4A3D619DC5E}.Release|x64.ActiveCfg = Release|x64
		{550E3657-E120-4CA2-AD1A-F4A3D619DC5E}.Release|x64.Build.0 = Release|x64
		{550E3657-E120-4CA2-AD1A-F4A3D619DC5E}.Release|x86.ActiveCfg = Release|Win32
		{550E3657-E120-4CA2-AD1A-F4A3D619DC5E}.Release|x86.Build.0 = Release|Win32
		{EF17781F-3F7C-44EC-9D7D-974571971FDB}.Debug|x64.ActiveCfg = Debug|x64
		{EF17781F-3F7C-44EC-9D7D-974571971FDB}.Debug|x64.Build.0 = Debug|x64
		{EF17781F-3F7C-44EC-9D7D-974571971FDB}.Debug|x86.ActiveCfg = Debug|Win32
		{EF17781F-3F7C-44EC-9D7D-974571971FDB}.Debug|x86.Build.0 = Debug|Win32
		{EF17781F-3F7C-44EC-9D7D-974571971FDB}.Release|x64.ActiveCfg = Release|x64
		{EF17781F-3F7C-44EC-9D7D-974571971FDB}.Release|x64.Build.0 = Release|x64
		{EF17781F-3F7C-44EC-9D7D-974571971FDB}.Release|x86.ActiveCfg = Release|Win32
		{EF17781F-3F7C-44EC-9D7D-974571971FDB}.Release|x86.Build.0 = Release|Win32
		{C50F39B3-B10F-4C7E-B01D-55586C7DB9D5}.Debug|x64.ActiveCfg = Debug|x64
		{C50F39B3-B10F-4C7E-B01D-55586C7DB9D5}.Debug|x64.Build.0 = Debug|x64
		{C50F39B3-B10F-4C7E-B01D-55586C7DB9D5}.Debug|x86.ActiveCfg = Debug|Win32
		{C50F39B3-B10F-4C7E-B01D-55586C7DB9D5}.Debug|x86.Build.0 = Debug|Win32
		{C50F39B3-B10F-4C7E-B01D-55586C7DB9D5}.Release|x64.ActiveCfg = Release|x64
		{C50F39B3-B10F-4C7E-B01D-55586C7DB9D5}.Release|x64.Build.0 = Release|x64
		{C50F39B3-B10F-4C7E-B01D-55586C7DB9D5}.Release|x86.ActiveCfg = Release|Win32
		{C50F39B3-B10F-4C7E-B01D-55586C7DB9D5}.Release|x86.Build.0 = Release|Win32
		{762C506D-5DA5-4B8D-85BE-8ED3817D5024}.Debug|x64.ActiveCfg = Debug|x64
		{762C506D-5DA5-4B8D-85BE-8ED3817D5024}.Debug|x64.Build.0 = Debug|x64
		{762C506D-5DA5-4B8D-85BE-8ED3817D5024}.Debug|x86.ActiveCfg = Debug|Win32
		{762C506D-5DA5-4B8D-85BE-8ED3817D5024}.Debug|x86.Build.0 = Debug|Win32
		{762C506D-5DA5-4B8D-85BE-8ED3817D5024}.Release|x64.ActiveCfg = Release|x64
		{762C506D-5DA5-4B8D-85BE-8ED3817D5024}.Release|x64.Build.0 = Release|x64
		{762C506D-5DA5-4B8D-85BE-8ED3817D5024}.Release|x86.ActiveCfg = Release|Win32
		{762C506D-5DA5-4B8D-85BE-8ED3817D5024}.Release|x86.Build.0 = Release|Win32
		{212524C7-0378-4C64-B680-E800E06F3A93}.Debug|x64.ActiveCfg = Debug|x64
		{212524C7-0378-4C64-B680-E800E06F3A93}.Debug|x64.Build.0 = Debug|x64
		{212524C7-0378-4C64-B680-E800E06F3A93}.Debug|x86.ActiveCfg = Debug|Win32
		{212524C7-0378-4C64-B680-E800E06F3A93}.Debug|x86.Build.0 = Debug|Win32
		{212524C7-0378-4C64-B680-E800E06F3A93}.Release|x64.ActiveCfg = Release|x64
		{212524C7-0378-4C64-B680-E800E06F3A93}.Release|x64.Build.0 = Release|x64
		{212524C7-0378-4C64-B680-E800E06F3A93}.Release|x86.ActiveCfg = Release|Win32
		{212524C7-0378-4C64-B680-E800E06F3A93}.Release|x86.Build.0 = Release|Win32
		{44746CFB-CE7C-4451-85C7-C6AC0597E9B0}.Debug|x64.ActiveCfg = Debug|x64
		{44746CFB-CE7C-4451-85C7-C6AC0597E9B0}.Debug|x64.Build.0 = Debug|x64
		{44746CFB-CE7C-4451-85C7-C6AC0597E9B0}.Debug|x86.ActiveCfg = Debug|Win32
		{44746CFB-CE7C-4451-85C7-C6AC0597E9B0}.Debug|x86.Build.0 = Debug|Win32
		{44746CFB-CE7C-4451-85C7-C6AC0597E9B0}.Release|x64.ActiveCfg = Release|x64
		{44746CFB-CE7C-4451-85C7-C6AC0597E9B0}.Release|x64.Build.0 = Release|x64
		{44746CFB-CE7C-4451-85C7-C6AC0597E9B0}.Release|x86.ActiveCfg = Release|Win32
		{44746CFB-CE7C-4451-85C7-C6AC0597E9B0}.Release|x86.Build.0 = Release|Win32
		{2F1ED410-9260-4E07-8398-F5B05B8C6C09}.Debug|x64.ActiveCfg = Debug|x64
		{2F1ED410-9260-4E07-8398-F5B05B8C6C09}.Debug|x64.Build.0 = Debug|x64
		{2F1ED410-9260-4E07-8398-F5B05B8C6C09}.Debug|x86.ActiveCfg = Debug|Win32
		{2F1ED410-9260-4E07-8398-F5B05B8C6C09}.Debug|x86.Build.0 = Debug|Win32
		{2F1ED410-9260-4E07-8398-F5B05B8C6C09}.Release|x64.ActiveCfg = Release|x64
		{2F1ED410-9260-4E07-8398-F5B05B8C6C09}.Release|x64.Build.0 = Release|x64
		{2F1ED410-9260-4E07-8398-F5B05B8C6C09}.Release|x86.ActiveCfg = Release|Win32
		{2F1ED410-9260-4E07-8398-F5B05B8C6C09}.Release|x86.Build.0 = Release|Win32
		{C56BB6B9-337B-489B-8E5E-2D0EFEE875F1}.Debug|x64.ActiveCfg = Debug|x64
		{C56BB6B9-337B-489B-8E5E-2D0EFEE875F1}.Debug|x64.Build.0 = Debug|x64
		{C56BB6B9-337B-489B-8E5E-2D0EFEE875F1}.Debug|x86.ActiveCfg = Debug|Win32
		{C56BB6B9-337B-489B-8E5E-2D0EFEE875F1}.Debug|x86.Build.0 = Debug|Win32
		{C56BB6B9-337B-489B-8E5E-2D0EFEE875F1}.Release|x64.ActiveCfg = Release|x64
		{C56BB6B9-337B-489B-8E5E-2D0EFEE875F1}.Release|x64.Build.0 = Release|x64
		{C56BB6B9-337B-489B-8E5E-2D0EFEE875F1}.Release|x86.ActiveCfg = Release|Win32
		{C56BB6B9-337B-489B-8E5E-2D0EFEE875F1}.Release|x86.Build.0 = Release|Win32
		{DE2E44EA-E9FF-4E42-BE27-366F7C388A41}.Debug|x64.ActiveCfg = Debug|x64
		{DE2E44EA-E9FF-4E42-BE27-366F7C388A41}.Debug|x64.Build.0 = Debug|x64
		{DE2E44EA-E9FF-4E42-BE27-366F7C388A41}.Debug|x86.ActiveCfg = Debug|Win32
		{DE2E44EA-E9FF-4E42-BE27-366F7C388A41}.Debug|x86.Build.0 = Debug|Win32
		{DE2E44EA-E9FF-4E42-BE27-366F7C388A41}.Release|x64.ActiveCfg = Release|x64
		{DE2E44EA-E9FF-4E42-BE27-366F7C388A41}.Release|x64.Build.0 = Release|x64
		{DE2E44EA-E9FF-4E42-BE27-366F7C388A41}.Release|x86.ActiveCfg = Release|Win32
		{DE2E44EA-E9FF-4E42-BE27-366F7C388A41}.Release|x86.Build.0 = Release|Win32
		{22397C23-BE4B-4678-A571-FDBB86B9C137}.Debug|x64.ActiveCfg = Debug|x64
		{22397C23-BE4B-4678-A571-FDBB86B9C137}.Debug|x64.Build.0 = Debug|x64
		{22397C23-BE4B-4678-A571-FDBB86B9C137}.Debug|x86.ActiveCfg = Debug|Win32
		{22397C23-BE4B-4678-A571-FDBB86B9C137}.Debug|x86.Build.0 = Debug|Win32
		{22397C23-BE4B-4678-A571-FDBB86B9C137}.Release|x64.ActiveCfg = Release|x64
		{22397C23-BE4B-4678-A571-FDBB86B9C137}.Release|x64.Build.0 = Release|x64
		{22397C23-BE4B-4678-A571-FDBB86B9C137}.Release|x86.ActiveCfg = Release|Win32
		{22397C23-BE4B-4678-A571-FDBB86B9C137}.Release|x86.Build.0 = Release|Win32
		{BA60C52A-E9DF-4F64-B961-240A3267FF7E}.Debug|x64.ActiveCfg = Debug|x64
		{BA60C52A-E9DF-4F64-B961-240A3267FF7E}.Debug|x64.Build.0 = Debug|x64
		{BA60C52A-E9DF-4F64-B961-240A3267FF7E}.Debug|x86.ActiveCfg = Debug|Win32
		{BA60C52A-E9DF-4F64-B961-240A3267FF7E}.Debug|x86.Build.0 = Debug|Win32
		{BA60C52A-E9DF-4F64-B961-240A3267FF7E}.Release|x64.ActiveCfg = Release|x64
		{BA60C52A-E9DF-4F64-B961-240A3267FF7E}.Release|x64.Build.0 = Release|x64
		{BA60C52A-E9DF-4F64-B961-240A3267FF7E}.Release|x86.ActiveCfg = Release|Win32
		{BA60C52A-E9DF-4F64-B961-240A3267FF7E}.Release|x86.Build.0 = Release|Win32
		{C5BF7E2E-F628-4A72-96CD-55814AF71251}.Debug|x64.ActiveCfg = Debug|x64
		{C5BF7E2E-F628-4A72-96CD-55814AF71251}.Debug|x64.Build.0 = Debug|x64
		{C5BF7E2E-F628-4A72-96CD-55814AF71251}.Debug|x86.ActiveCfg = Debug|Win32
		{C5BF7E2E-F628-4A72-96CD-55814AF71251}.Debug|x86.Build.0 = Debug|Win32
		{C5BF7E2E-F628-4A72-96CD-55814AF71251}.Release|x64.ActiveCfg = Release|x64
		{C5BF7E2E-F628-4A72-96CD-55814AF71251}.Release|x64.Build.0 = Release|x64
		{C5BF7E2E-F628-4A72-96CD-55814AF71251}.Release|x86.ActiveCfg = Release|Win32
		{C5BF7E2E-F628-4A72-96CD-55814AF71251}.Release|x86.Build.0 = Release|Win32
		{470301E5-B5C1-440A-8EE7-D8AAAD0C0D29}.Debug|x64.ActiveCfg = Debug|x64
		{470301E5-B5C1-440A-8EE7-D8AAAD0C0D29}.Debug|x64.Build.0 = Debug|x64
		{470301E5-B5C1-440A-8EE7-D8AAAD0C0D29}.Debug|x86.ActiveCfg = Debug|Win32
		{470301E5-B5C1-440A-8EE7-D8AAAD0C0D29}.Debug|x86.Build.0 = Debug|Win32
		{470301E5-B5C1-440A-8EE7-D8AAAD0C0D29}.Release|x64.ActiveCfg = Release|x64
		{470301E5-B5C1-440A-8EE7-D8AAAD0C0D29}.Release|x64.Build.0 = Release|x64
		{470301E5-B5C1-440A-8EE7-D8AAAD0C0D29}.Release|x86.ActiveCfg = Release|Win32
		{470301E5-B5C1-440A-8EE7-D8AAAD0C0D29}.Release|x86.Build.0 = Release|Win32
		{38931073-CF8F-4498-A135-FC4DF972721F}.Debug|x64.ActiveCfg = Debug|x64
		{38931073-CF8F-4498-A135-FC4DF972721F}.Debug|x64.Build.0 = Debug|x64
		{38931073-CF8F-4498-A135-FC4DF972721F}.Debug|x86.ActiveCfg = Debug|Win32
		{38931073-CF8F-4498-A135-FC4DF972721F}.Debug|x86.Build.0 = Debug|Win32
		{38931073-CF8F-4498-A135-FC4DF972721F}.Release|x64.ActiveCfg = Release|x64
		{38931073-CF8F-4498-A135-FC4DF972721F}.Release|x64.Build.0 = Release|x64
		{38931073-CF8F-4498-A135-FC4DF972721F}.Release|x86.ActiveCfg = Release|Win32
		{38931073-CF8F-4498-A135-FC4DF972721F}.Release|x86.Build.0 = Release|Win32
		{4CC39F53-518D-43A8-99E1-F9105067A375}.Debug|x64.ActiveCfg = Debug|x64
		{4CC39F53-518D-43A8-99E1-F9105067A375}.Debug|x64.Build.0 = Debug|x64
		{4CC39F53-518D-43A8-99E1-F9105067A375}.Debug|x86.ActiveCfg = Debug|Win32
		{4CC39F53-518D-43A8-99E1-F9105067A375}.Debug|x86.Build.0 = Debug|Win32
		{4CC39F53-518D-43A8-99E1-F9105067A375}.Release|x64.ActiveCfg = Release|x64
		{4CC39F53-518D-43A8-99E1-F9105067A375}.Release|x64.Build.0 = Release|x64
		{4CC39F53-518D-43A8-99E1-F9105067A375}.Release|x86.ActiveCfg = Release|Win32
		{4CC39F53-518D-43A8-99E1-F9105067A375}.Release|x86.Build.0 = Release|Win32
		{CC1FDB30-1373-47F5-9247-0EEB69A3E9FC}.Debug|x64.ActiveCfg = Debug|x64
		{CC1FDB30-1373-47F5-9247-0EEB69A3E9FC}.Debug|x64.Build.0 = Debug|x64
		{CC1FDB30-1373-47F5-9247-0EEB69A3E9FC}.Debug|x86.ActiveCfg = Debug|Win32
		{CC1FDB30-1373-47F5-9247-0EEB69A3E9FC}.Debug|x86.Build.0 = Debug|Win32
		{CC1FDB30-1373-47F5-9247-0EEB69A3E9FC}.Release|x64.ActiveCfg = Release|x64
		{CC1FDB30-1373-47F5-9247-0EEB69A3E9FC}.Release|x64.Build.0 = Release|x64
		{CC1FDB30-1373-47F5-9247-0EEB69A3E9FC}.Release|x86.ActiveCfg = Release|Win32
		{CC1FDB30-1373-47F5-9247-0EEB69A3E9FC}.Release|x86.Build.0 = Release|Win32
		{0222E4C8-9505-4992-BB2D-FD4A7D352C21}.Debug|x64.ActiveCfg = Debug|x64
		{0222E4C8-9505-4992-BB2D-FD4A7D352C21}.Debug|x64.Build.0 = Debug|x64
		{0222E4C8-9505-4992-BB2D-FD4A7D352C21}.Debug|x86.ActiveCfg = Debug|Win32
		{0222E4C8-9505-4992-BB2D-FD4A7D352C21}.Debug|x86.Build.0 = Debug|Win32
		{0222E4C8-9505-4992-BB2D-FD4A7D352C21}.Release|x64.ActiveCfg = Release|x64
		{0222E4C8-9505-4992-BB2D-FD4A7D352C21}.Release|x64.Build.0 = Release|x64
		{0222E4C8-9505-4992-BB2D-FD4A7D352C21}.Release|x86.ActiveCfg = Release|Win32
		{0222E4C8-9505-4992-BB2D-FD4A7D352C21}.Release|x86.Build.0 = Release|Win32
		{163793D6-481C-406D-B67A-75D207B9545F}.Debug|x64.ActiveCfg = Debug|x64
		{163793D6-481C-406D-B67A-75D207B9545F}.Debug|x64.Build.0 = Debug|x64
		{163793D6-481C-406D-B67A-75D207B9545F}.Debug|x86.ActiveCfg = Debug|Win32
		{163793D6-481C-406D-B67A-75D207B9545F}.Debug|x86.Build.0 = Debug|Win32
		{163793D6-481C-406D-B67A-75D207B9545F}.Release|x64.ActiveCfg = Release|x64
		{163793D6-481C-406D-B67A-75D207B9545F}.Release|x64.Build.0 = Release|x64
		{163793D6-481C-406D-B67A-75D207B9545F}.Release|x86.ActiveCfg = Release|Win32
		{163793D6-481C-406D-B67A-75D207B9545F}.Release|x86.Build.0 = Release|Win32
		{23263271-59BE-46D1-9387-269DBC5AB09E}.Debug|x64.ActiveCfg = Debug|x64
		{23263271-59BE-46D1-9387-269DBC5AB09E}.Debug|x64.Build.0 = Debug|x64
		{23263271-59BE-46D1-9387-269DBC5AB09E}.Debug|x86.ActiveCfg = Debug|Win32
		{23263271-59BE-46D1-9387-269DBC5AB09E}.Debug|x86.Build.0 = Debug|Win32
		{23263271-59BE-46D1-9387-269DBC5AB09E}.Release|x64.ActiveCfg = Release|x64
		{23263271-59BE-46D1-9387-269DBC5AB09E}.Release|x64.Build.0 = Release|x64
		{23263271-59BE-46D1-9387-269DBC5AB09E}.Release|x86.ActiveCfg = Release|Win32
		{23263271-59BE-46D1-9387-269DBC5AB09E}.Release|x86.Build.0 = Release|Win32
		{4F687173-5E2D-4884-95BD-9FB39A25CC28}.Debug|x64.ActiveCfg = Debug|x64
		{4F687173-5E2D-4884-95BD-9FB39A25CC28}.Debug|x64.Build.0 = Debug|x64
		{4F687173-5E2D-4884-95BD-9FB39A25CC28}.Debug|x86.ActiveCfg = Debug|Win32
		{4F687173-5E2D-4884-95BD-9FB39A25CC28}.Debug|x86.Build.0 = Debug|Win32
		{4F687173-5E2D-4884-95BD-9FB39A25CC28}.Release|x64.ActiveCfg = Release|x64
		{4F687173-5E2D-4884-95BD-9FB39A25CC28}.Release|x64.Build.0 = Release|x64
		{4F687173-5E2D-4884-95BD-9FB39A25CC28}.Release|x86.ActiveCfg = Release|Win32
		{4F687173-5E2D-4884-95BD-9FB39A25CC28}.Release|x86.Build.0 = Release|Win32
		{8A49B41E-792A-41A1-8893-ACE25D62CA01}.Debug|x64.ActiveCfg = Debug|x64
		{8A49B41E-792A-41A1-8893-ACE25D62CA01}.Debug|x64.Build.0 = Debug|x64
		{8A49B41E-792A-41A1-8893-ACE25D62CA01}.Debug|x86.ActiveCfg = Debug|Win32
		{8A49B41E-792A-41A1-8893-ACE25D62CA01}.Debug|x86.Build.0 = Debug|Win32
		{8A49B41E-792A-41A1-8893-ACE25D62CA01}.Release|x64.ActiveCfg = Release|x64
		{8A49B41E-792A-41A1-8893-ACE25D62CA01}.Release|x64.Build.0 = Release|x64
		{8A49B41E-792A-41A1-8893-ACE25D62CA01}.Release|x86.ActiveCfg = Release|Win32
		{8A49B41E-792A-41A1-8893-ACE25D62CA01}.Release|x86.Build.0 = Release|Win32
	EndGlobalSection
	GlobalSection(SolutionProperties) = preSolution
		HideSolutionNode = FALSE
	EndGlobalSection
	GlobalSection(ExtensibilityGlobals) = postSolution
		SolutionGuid = {76AD7FD7-0974-4EE5-A9E5-BA5720E34F9E}
	EndGlobalSection
EndGlobal
